// !$*UTF8*$!
{
	archiveVersion = 1;
	classes = {
	};
	objectVersion = 46;
	objects = {

/* Begin PBXBuildFile section */
		D21E6E2B1FFBC1E20048AF75 /* WagnerFischer.swift in Sources */ = {isa = PBXBuildFile; fileRef = D21E6E2A1FFBC1E20048AF75 /* WagnerFischer.swift */; };
		D21E6E2C1FFBC1E20048AF75 /* WagnerFischer.swift in Sources */ = {isa = PBXBuildFile; fileRef = D21E6E2A1FFBC1E20048AF75 /* WagnerFischer.swift */; };
		D21E6E2D1FFBC1E20048AF75 /* WagnerFischer.swift in Sources */ = {isa = PBXBuildFile; fileRef = D21E6E2A1FFBC1E20048AF75 /* WagnerFischer.swift */; };
		D21E6E2E1FFBC1E20048AF75 /* WagnerFischer.swift in Sources */ = {isa = PBXBuildFile; fileRef = D21E6E2A1FFBC1E20048AF75 /* WagnerFischer.swift */; };
		D21E6E301FFBC1EF0048AF75 /* Heckel.swift in Sources */ = {isa = PBXBuildFile; fileRef = D21E6E2F1FFBC1EF0048AF75 /* Heckel.swift */; };
		D21E6E311FFBC1EF0048AF75 /* Heckel.swift in Sources */ = {isa = PBXBuildFile; fileRef = D21E6E2F1FFBC1EF0048AF75 /* Heckel.swift */; };
		D21E6E321FFBC1EF0048AF75 /* Heckel.swift in Sources */ = {isa = PBXBuildFile; fileRef = D21E6E2F1FFBC1EF0048AF75 /* Heckel.swift */; };
		D21E6E331FFBC1EF0048AF75 /* Heckel.swift in Sources */ = {isa = PBXBuildFile; fileRef = D21E6E2F1FFBC1EF0048AF75 /* Heckel.swift */; };
		D238491E1FA86AFC00316A21 /* User.swift in Sources */ = {isa = PBXBuildFile; fileRef = D238491D1FA86AFC00316A21 /* User.swift */; };
		D238491F1FA86AFC00316A21 /* User.swift in Sources */ = {isa = PBXBuildFile; fileRef = D238491D1FA86AFC00316A21 /* User.swift */; };
		D23849201FA86AFC00316A21 /* User.swift in Sources */ = {isa = PBXBuildFile; fileRef = D238491D1FA86AFC00316A21 /* User.swift */; };
		D23849221FA86DEF00316A21 /* PerformanceTests.swift in Sources */ = {isa = PBXBuildFile; fileRef = D23849211FA86DEF00316A21 /* PerformanceTests.swift */; };
		D23849231FA86DEF00316A21 /* PerformanceTests.swift in Sources */ = {isa = PBXBuildFile; fileRef = D23849211FA86DEF00316A21 /* PerformanceTests.swift */; };
		D23849241FA86DEF00316A21 /* PerformanceTests.swift in Sources */ = {isa = PBXBuildFile; fileRef = D23849211FA86DEF00316A21 /* PerformanceTests.swift */; };
		D239E4201FAE34740042E7BA /* IndexPathConverter.swift in Sources */ = {isa = PBXBuildFile; fileRef = D239E41F1FAE34740042E7BA /* IndexPathConverter.swift */; };
		D239E4211FAE34740042E7BA /* IndexPathConverter.swift in Sources */ = {isa = PBXBuildFile; fileRef = D239E41F1FAE34740042E7BA /* IndexPathConverter.swift */; };
		D279F23F2220009C00E1C28E /* DiffAware.swift in Sources */ = {isa = PBXBuildFile; fileRef = D279F23E2220009C00E1C28E /* DiffAware.swift */; };
		D279F2402220009C00E1C28E /* DiffAware.swift in Sources */ = {isa = PBXBuildFile; fileRef = D279F23E2220009C00E1C28E /* DiffAware.swift */; };
		D279F2412220009C00E1C28E /* DiffAware.swift in Sources */ = {isa = PBXBuildFile; fileRef = D279F23E2220009C00E1C28E /* DiffAware.swift */; };
		D279F2422220009C00E1C28E /* DiffAware.swift in Sources */ = {isa = PBXBuildFile; fileRef = D279F23E2220009C00E1C28E /* DiffAware.swift */; };
		D284B1051F79038B00D94AF3 /* DeepDiff_tvOS.framework in Frameworks */ = {isa = PBXBuildFile; fileRef = D284B0FC1F79038B00D94AF3 /* DeepDiff_tvOS.framework */; };
		D284B1381F7906DB00D94AF3 /* Info-iOS-Tests.plist in Resources */ = {isa = PBXBuildFile; fileRef = D284B12F1F7906DA00D94AF3 /* Info-iOS-Tests.plist */; };
		D284B1391F7906DB00D94AF3 /* Info-tvOS-Tests.plist in Resources */ = {isa = PBXBuildFile; fileRef = D284B1301F7906DA00D94AF3 /* Info-tvOS-Tests.plist */; };
		D284B13B1F7906DB00D94AF3 /* Info-macOS-Tests.plist in Resources */ = {isa = PBXBuildFile; fileRef = D284B1331F7906DA00D94AF3 /* Info-macOS-Tests.plist */; };
		D288B6421FA77CB100BBDC5F /* WagnerFischerTests.swift in Sources */ = {isa = PBXBuildFile; fileRef = D288B6411FA77CB100BBDC5F /* WagnerFischerTests.swift */; };
		D288B6431FA77CB100BBDC5F /* WagnerFischerTests.swift in Sources */ = {isa = PBXBuildFile; fileRef = D288B6411FA77CB100BBDC5F /* WagnerFischerTests.swift */; };
		D288B6441FA77CB100BBDC5F /* WagnerFischerTests.swift in Sources */ = {isa = PBXBuildFile; fileRef = D288B6411FA77CB100BBDC5F /* WagnerFischerTests.swift */; };
		D29C69231FFCDBFA0028DE14 /* HeckelTests.swift in Sources */ = {isa = PBXBuildFile; fileRef = D29C69221FFCDBFA0028DE14 /* HeckelTests.swift */; };
		D29C69241FFCDBFA0028DE14 /* HeckelTests.swift in Sources */ = {isa = PBXBuildFile; fileRef = D29C69221FFCDBFA0028DE14 /* HeckelTests.swift */; };
		D29C69251FFCDBFA0028DE14 /* HeckelTests.swift in Sources */ = {isa = PBXBuildFile; fileRef = D29C69221FFCDBFA0028DE14 /* HeckelTests.swift */; };
		D2A813671FAB731600A94BDE /* Array+Extensions.swift in Sources */ = {isa = PBXBuildFile; fileRef = D2A813661FAB731600A94BDE /* Array+Extensions.swift */; };
		D2A813681FAB731600A94BDE /* Array+Extensions.swift in Sources */ = {isa = PBXBuildFile; fileRef = D2A813661FAB731600A94BDE /* Array+Extensions.swift */; };
		D2A813691FAB731600A94BDE /* Array+Extensions.swift in Sources */ = {isa = PBXBuildFile; fileRef = D2A813661FAB731600A94BDE /* Array+Extensions.swift */; };
		D2A8136A1FAB731600A94BDE /* Array+Extensions.swift in Sources */ = {isa = PBXBuildFile; fileRef = D2A813661FAB731600A94BDE /* Array+Extensions.swift */; };
		D2B318FD1FA8CD0F00A0B637 /* UITableView+Extensions.swift in Sources */ = {isa = PBXBuildFile; fileRef = D2B318FC1FA8CD0F00A0B637 /* UITableView+Extensions.swift */; };
		D2B318FE1FA8CD0F00A0B637 /* UITableView+Extensions.swift in Sources */ = {isa = PBXBuildFile; fileRef = D2B318FC1FA8CD0F00A0B637 /* UITableView+Extensions.swift */; };
		D2B319001FA8CD1300A0B637 /* DeepDiff.swift in Sources */ = {isa = PBXBuildFile; fileRef = D2B318F81FA8CCFC00A0B637 /* DeepDiff.swift */; };
		D2B319011FA8CD1300A0B637 /* MoveReducer.swift in Sources */ = {isa = PBXBuildFile; fileRef = D2B318F91FA8CCFC00A0B637 /* MoveReducer.swift */; };
		D2B319021FA8CD1300A0B637 /* Change.swift in Sources */ = {isa = PBXBuildFile; fileRef = D2B318FA1FA8CCFC00A0B637 /* Change.swift */; };
		D2B319041FA8CD1300A0B637 /* DeepDiff.swift in Sources */ = {isa = PBXBuildFile; fileRef = D2B318F81FA8CCFC00A0B637 /* DeepDiff.swift */; };
		D2B319051FA8CD1300A0B637 /* MoveReducer.swift in Sources */ = {isa = PBXBuildFile; fileRef = D2B318F91FA8CCFC00A0B637 /* MoveReducer.swift */; };
		D2B319061FA8CD1300A0B637 /* Change.swift in Sources */ = {isa = PBXBuildFile; fileRef = D2B318FA1FA8CCFC00A0B637 /* Change.swift */; };
		D2B319081FA8CD1400A0B637 /* DeepDiff.swift in Sources */ = {isa = PBXBuildFile; fileRef = D2B318F81FA8CCFC00A0B637 /* DeepDiff.swift */; };
		D2B319091FA8CD1400A0B637 /* MoveReducer.swift in Sources */ = {isa = PBXBuildFile; fileRef = D2B318F91FA8CCFC00A0B637 /* MoveReducer.swift */; };
		D2B3190A1FA8CD1400A0B637 /* Change.swift in Sources */ = {isa = PBXBuildFile; fileRef = D2B318FA1FA8CCFC00A0B637 /* Change.swift */; };
		D2B3190C1FA8CD1400A0B637 /* DeepDiff.swift in Sources */ = {isa = PBXBuildFile; fileRef = D2B318F81FA8CCFC00A0B637 /* DeepDiff.swift */; };
		D2B3190D1FA8CD1400A0B637 /* MoveReducer.swift in Sources */ = {isa = PBXBuildFile; fileRef = D2B318F91FA8CCFC00A0B637 /* MoveReducer.swift */; };
		D2B3190E1FA8CD1400A0B637 /* Change.swift in Sources */ = {isa = PBXBuildFile; fileRef = D2B318FA1FA8CCFC00A0B637 /* Change.swift */; };
		D2B319101FA8CD2200A0B637 /* UICollectionView+Extensions.swift in Sources */ = {isa = PBXBuildFile; fileRef = D2B3190F1FA8CD2200A0B637 /* UICollectionView+Extensions.swift */; };
		D2B319111FA8CD2200A0B637 /* UICollectionView+Extensions.swift in Sources */ = {isa = PBXBuildFile; fileRef = D2B3190F1FA8CD2200A0B637 /* UICollectionView+Extensions.swift */; };
		D5B2E8AA1C3A780C00C0327D /* DeepDiff.framework in Frameworks */ = {isa = PBXBuildFile; fileRef = D5B2E89F1C3A780C00C0327D /* DeepDiff.framework */; };
		D5C6294A1C3A7FAA007F7B7C /* DeepDiff.framework in Frameworks */ = {isa = PBXBuildFile; fileRef = D5C629401C3A7FAA007F7B7C /* DeepDiff.framework */; };
/* End PBXBuildFile section */

/* Begin PBXContainerItemProxy section */
		D284B1061F79038B00D94AF3 /* PBXContainerItemProxy */ = {
			isa = PBXContainerItemProxy;
			containerPortal = D5B2E8961C3A780C00C0327D /* Project object */;
			proxyType = 1;
			remoteGlobalIDString = D284B0FB1F79038B00D94AF3;
			remoteInfo = "DeepDiff-tvOS";
		};
		D5B2E8AB1C3A780C00C0327D /* PBXContainerItemProxy */ = {
			isa = PBXContainerItemProxy;
			containerPortal = D5B2E8961C3A780C00C0327D /* Project object */;
			proxyType = 1;
			remoteGlobalIDString = D5B2E89E1C3A780C00C0327D;
			remoteInfo = DeepDiff;
		};
		D5C6294B1C3A7FAA007F7B7C /* PBXContainerItemProxy */ = {
			isa = PBXContainerItemProxy;
			containerPortal = D5B2E8961C3A780C00C0327D /* Project object */;
			proxyType = 1;
			remoteGlobalIDString = D5C6293F1C3A7FAA007F7B7C;
			remoteInfo = "DeepDiff-Mac";
		};
/* End PBXContainerItemProxy section */

/* Begin PBXFileReference section */
		D21E6E2A1FFBC1E20048AF75 /* WagnerFischer.swift */ = {isa = PBXFileReference; fileEncoding = 4; lastKnownFileType = sourcecode.swift; path = WagnerFischer.swift; sourceTree = "<group>"; };
		D21E6E2F1FFBC1EF0048AF75 /* Heckel.swift */ = {isa = PBXFileReference; lastKnownFileType = sourcecode.swift; path = Heckel.swift; sourceTree = "<group>"; };
		D238491D1FA86AFC00316A21 /* User.swift */ = {isa = PBXFileReference; lastKnownFileType = sourcecode.swift; path = User.swift; sourceTree = "<group>"; };
		D23849211FA86DEF00316A21 /* PerformanceTests.swift */ = {isa = PBXFileReference; lastKnownFileType = sourcecode.swift; path = PerformanceTests.swift; sourceTree = "<group>"; };
		D239E41F1FAE34740042E7BA /* IndexPathConverter.swift */ = {isa = PBXFileReference; fileEncoding = 4; lastKnownFileType = sourcecode.swift; path = IndexPathConverter.swift; sourceTree = "<group>"; };
		D279F23E2220009C00E1C28E /* DiffAware.swift */ = {isa = PBXFileReference; lastKnownFileType = sourcecode.swift; path = DiffAware.swift; sourceTree = "<group>"; };
		D284B0FC1F79038B00D94AF3 /* DeepDiff_tvOS.framework */ = {isa = PBXFileReference; explicitFileType = wrapper.framework; includeInIndex = 0; path = DeepDiff_tvOS.framework; sourceTree = BUILT_PRODUCTS_DIR; };
		D284B1041F79038B00D94AF3 /* DeepDiff-tvOS-Tests.xctest */ = {isa = PBXFileReference; explicitFileType = wrapper.cfbundle; includeInIndex = 0; path = "DeepDiff-tvOS-Tests.xctest"; sourceTree = BUILT_PRODUCTS_DIR; };
		D284B1181F79039F00D94AF3 /* DeepDiff_watchOS.framework */ = {isa = PBXFileReference; explicitFileType = wrapper.framework; includeInIndex = 0; path = DeepDiff_watchOS.framework; sourceTree = BUILT_PRODUCTS_DIR; };
		D284B12F1F7906DA00D94AF3 /* Info-iOS-Tests.plist */ = {isa = PBXFileReference; fileEncoding = 4; lastKnownFileType = text.plist.xml; path = "Info-iOS-Tests.plist"; sourceTree = "<group>"; };
		D284B1301F7906DA00D94AF3 /* Info-tvOS-Tests.plist */ = {isa = PBXFileReference; fileEncoding = 4; lastKnownFileType = text.plist.xml; path = "Info-tvOS-Tests.plist"; sourceTree = "<group>"; };
		D284B1331F7906DA00D94AF3 /* Info-macOS-Tests.plist */ = {isa = PBXFileReference; fileEncoding = 4; lastKnownFileType = text.plist.xml; path = "Info-macOS-Tests.plist"; sourceTree = "<group>"; };
		D284B1401F79081F00D94AF3 /* Info-iOS.plist */ = {isa = PBXFileReference; lastKnownFileType = text.plist.xml; path = "Info-iOS.plist"; sourceTree = "<group>"; };
		D284B1411F79081F00D94AF3 /* Info-macOS.plist */ = {isa = PBXFileReference; lastKnownFileType = text.plist.xml; path = "Info-macOS.plist"; sourceTree = "<group>"; };
		D284B1421F79081F00D94AF3 /* Info-tvOS.plist */ = {isa = PBXFileReference; lastKnownFileType = text.plist.xml; path = "Info-tvOS.plist"; sourceTree = "<group>"; };
		D284B1431F79081F00D94AF3 /* Info-watchOS.plist */ = {isa = PBXFileReference; lastKnownFileType = text.plist.xml; path = "Info-watchOS.plist"; sourceTree = "<group>"; };
		D288B6411FA77CB100BBDC5F /* WagnerFischerTests.swift */ = {isa = PBXFileReference; lastKnownFileType = sourcecode.swift; path = WagnerFischerTests.swift; sourceTree = "<group>"; };
		D29C69221FFCDBFA0028DE14 /* HeckelTests.swift */ = {isa = PBXFileReference; fileEncoding = 4; lastKnownFileType = sourcecode.swift; path = HeckelTests.swift; sourceTree = "<group>"; };
		D2A813661FAB731600A94BDE /* Array+Extensions.swift */ = {isa = PBXFileReference; lastKnownFileType = sourcecode.swift; path = "Array+Extensions.swift"; sourceTree = "<group>"; };
		D2B318F81FA8CCFC00A0B637 /* DeepDiff.swift */ = {isa = PBXFileReference; lastKnownFileType = sourcecode.swift; path = DeepDiff.swift; sourceTree = "<group>"; };
		D2B318F91FA8CCFC00A0B637 /* MoveReducer.swift */ = {isa = PBXFileReference; lastKnownFileType = sourcecode.swift; path = MoveReducer.swift; sourceTree = "<group>"; };
		D2B318FA1FA8CCFC00A0B637 /* Change.swift */ = {isa = PBXFileReference; lastKnownFileType = sourcecode.swift; path = Change.swift; sourceTree = "<group>"; };
		D2B318FC1FA8CD0F00A0B637 /* UITableView+Extensions.swift */ = {isa = PBXFileReference; lastKnownFileType = sourcecode.swift; path = "UITableView+Extensions.swift"; sourceTree = "<group>"; };
		D2B3190F1FA8CD2200A0B637 /* UICollectionView+Extensions.swift */ = {isa = PBXFileReference; lastKnownFileType = sourcecode.swift; path = "UICollectionView+Extensions.swift"; sourceTree = "<group>"; };
		D2C31A3722B126D200CA5CEA /* Package.swift */ = {isa = PBXFileReference; lastKnownFileType = sourcecode.swift; path = Package.swift; sourceTree = "<group>"; };
		D5B2E89F1C3A780C00C0327D /* DeepDiff.framework */ = {isa = PBXFileReference; explicitFileType = wrapper.framework; includeInIndex = 0; path = DeepDiff.framework; sourceTree = BUILT_PRODUCTS_DIR; };
		D5B2E8A91C3A780C00C0327D /* DeepDiff-iOS-Tests.xctest */ = {isa = PBXFileReference; explicitFileType = wrapper.cfbundle; includeInIndex = 0; path = "DeepDiff-iOS-Tests.xctest"; sourceTree = BUILT_PRODUCTS_DIR; };
		D5C629401C3A7FAA007F7B7C /* DeepDiff.framework */ = {isa = PBXFileReference; explicitFileType = wrapper.framework; includeInIndex = 0; path = DeepDiff.framework; sourceTree = BUILT_PRODUCTS_DIR; };
		D5C629491C3A7FAA007F7B7C /* DeepDiff-macOS-Tests.xctest */ = {isa = PBXFileReference; explicitFileType = wrapper.cfbundle; includeInIndex = 0; path = "DeepDiff-macOS-Tests.xctest"; sourceTree = BUILT_PRODUCTS_DIR; };
/* End PBXFileReference section */

/* Begin PBXFrameworksBuildPhase section */
		D284B0F81F79038B00D94AF3 /* Frameworks */ = {
			isa = PBXFrameworksBuildPhase;
			buildActionMask = 2147483647;
			files = (
			);
			runOnlyForDeploymentPostprocessing = 0;
		};
		D284B1011F79038B00D94AF3 /* Frameworks */ = {
			isa = PBXFrameworksBuildPhase;
			buildActionMask = 2147483647;
			files = (
				D284B1051F79038B00D94AF3 /* DeepDiff_tvOS.framework in Frameworks */,
			);
			runOnlyForDeploymentPostprocessing = 0;
		};
		D284B1141F79039F00D94AF3 /* Frameworks */ = {
			isa = PBXFrameworksBuildPhase;
			buildActionMask = 2147483647;
			files = (
			);
			runOnlyForDeploymentPostprocessing = 0;
		};
		D5B2E89B1C3A780C00C0327D /* Frameworks */ = {
			isa = PBXFrameworksBuildPhase;
			buildActionMask = 2147483647;
			files = (
			);
			runOnlyForDeploymentPostprocessing = 0;
		};
		D5B2E8A61C3A780C00C0327D /* Frameworks */ = {
			isa = PBXFrameworksBuildPhase;
			buildActionMask = 2147483647;
			files = (
				D5B2E8AA1C3A780C00C0327D /* DeepDiff.framework in Frameworks */,
			);
			runOnlyForDeploymentPostprocessing = 0;
		};
		D5C6293C1C3A7FAA007F7B7C /* Frameworks */ = {
			isa = PBXFrameworksBuildPhase;
			buildActionMask = 2147483647;
			files = (
			);
			runOnlyForDeploymentPostprocessing = 0;
		};
		D5C629461C3A7FAA007F7B7C /* Frameworks */ = {
			isa = PBXFrameworksBuildPhase;
			buildActionMask = 2147483647;
			files = (
				D5C6294A1C3A7FAA007F7B7C /* DeepDiff.framework in Frameworks */,
			);
			runOnlyForDeploymentPostprocessing = 0;
		};
/* End PBXFrameworksBuildPhase section */

/* Begin PBXGroup section */
		D21E6E291FFBC1E20048AF75 /* Algorithms */ = {
			isa = PBXGroup;
			children = (
				D21E6E2A1FFBC1E20048AF75 /* WagnerFischer.swift */,
				D21E6E2F1FFBC1EF0048AF75 /* Heckel.swift */,
			);
			path = Algorithms;
			sourceTree = "<group>";
		};
		D284B13F1F79081F00D94AF3 /* Info */ = {
			isa = PBXGroup;
			children = (
				D284B1401F79081F00D94AF3 /* Info-iOS.plist */,
				D284B1411F79081F00D94AF3 /* Info-macOS.plist */,
				D284B1421F79081F00D94AF3 /* Info-tvOS.plist */,
				D284B1431F79081F00D94AF3 /* Info-watchOS.plist */,
			);
			path = Info;
			sourceTree = "<group>";
		};
		D2B318F61FA8CCFC00A0B637 /* Shared */ = {
			isa = PBXGroup;
			children = (
				D21E6E291FFBC1E20048AF75 /* Algorithms */,
				D2B318F81FA8CCFC00A0B637 /* DeepDiff.swift */,
				D2B318F91FA8CCFC00A0B637 /* MoveReducer.swift */,
				D2B318FA1FA8CCFC00A0B637 /* Change.swift */,
				D2A813661FAB731600A94BDE /* Array+Extensions.swift */,
				D279F23E2220009C00E1C28E /* DiffAware.swift */,
			);
			path = Shared;
			sourceTree = "<group>";
		};
		D2B318FB1FA8CCFC00A0B637 /* iOS */ = {
			isa = PBXGroup;
			children = (
				D239E41F1FAE34740042E7BA /* IndexPathConverter.swift */,
				D2B318FC1FA8CD0F00A0B637 /* UITableView+Extensions.swift */,
				D2B3190F1FA8CD2200A0B637 /* UICollectionView+Extensions.swift */,
			);
			path = iOS;
			sourceTree = "<group>";
		};
		D5B2E8951C3A780C00C0327D = {
			isa = PBXGroup;
			children = (
				D2C31A3722B126D200CA5CEA /* Package.swift */,
				D284B13F1F79081F00D94AF3 /* Info */,
				D5C629691C3A809D007F7B7C /* Sources */,
				D5C6298F1C3A8BDA007F7B7C /* DeepDiffTests */,
				D5B2E8A01C3A780C00C0327D /* Products */,
			);
			sourceTree = "<group>";
		};
		D5B2E8A01C3A780C00C0327D /* Products */ = {
			isa = PBXGroup;
			children = (
				D5B2E89F1C3A780C00C0327D /* DeepDiff.framework */,
				D5B2E8A91C3A780C00C0327D /* DeepDiff-iOS-Tests.xctest */,
				D5C629401C3A7FAA007F7B7C /* DeepDiff.framework */,
				D5C629491C3A7FAA007F7B7C /* DeepDiff-macOS-Tests.xctest */,
				D284B0FC1F79038B00D94AF3 /* DeepDiff_tvOS.framework */,
				D284B1041F79038B00D94AF3 /* DeepDiff-tvOS-Tests.xctest */,
				D284B1181F79039F00D94AF3 /* DeepDiff_watchOS.framework */,
			);
			name = Products;
			sourceTree = "<group>";
		};
		D5C629691C3A809D007F7B7C /* Sources */ = {
			isa = PBXGroup;
			children = (
				D2B318FB1FA8CCFC00A0B637 /* iOS */,
				D2B318F61FA8CCFC00A0B637 /* Shared */,
			);
			path = Sources;
			sourceTree = "<group>";
		};
		D5C6298F1C3A8BDA007F7B7C /* DeepDiffTests */ = {
			isa = PBXGroup;
			children = (
				D29C69221FFCDBFA0028DE14 /* HeckelTests.swift */,
				D284B12F1F7906DA00D94AF3 /* Info-iOS-Tests.plist */,
				D284B1331F7906DA00D94AF3 /* Info-macOS-Tests.plist */,
				D284B1301F7906DA00D94AF3 /* Info-tvOS-Tests.plist */,
				D288B6411FA77CB100BBDC5F /* WagnerFischerTests.swift */,
				D238491D1FA86AFC00316A21 /* User.swift */,
				D23849211FA86DEF00316A21 /* PerformanceTests.swift */,
			);
			path = DeepDiffTests;
			sourceTree = "<group>";
		};
/* End PBXGroup section */

/* Begin PBXHeadersBuildPhase section */
		D284B0F91F79038B00D94AF3 /* Headers */ = {
			isa = PBXHeadersBuildPhase;
			buildActionMask = 2147483647;
			files = (
			);
			runOnlyForDeploymentPostprocessing = 0;
		};
		D284B1151F79039F00D94AF3 /* Headers */ = {
			isa = PBXHeadersBuildPhase;
			buildActionMask = 2147483647;
			files = (
			);
			runOnlyForDeploymentPostprocessing = 0;
		};
		D5B2E89C1C3A780C00C0327D /* Headers */ = {
			isa = PBXHeadersBuildPhase;
			buildActionMask = 2147483647;
			files = (
			);
			runOnlyForDeploymentPostprocessing = 0;
		};
		D5C6293D1C3A7FAA007F7B7C /* Headers */ = {
			isa = PBXHeadersBuildPhase;
			buildActionMask = 2147483647;
			files = (
			);
			runOnlyForDeploymentPostprocessing = 0;
		};
/* End PBXHeadersBuildPhase section */

/* Begin PBXNativeTarget section */
		D284B0FB1F79038B00D94AF3 /* DeepDiff-tvOS */ = {
			isa = PBXNativeTarget;
			buildConfigurationList = D284B10D1F79038B00D94AF3 /* Build configuration list for PBXNativeTarget "DeepDiff-tvOS" */;
			buildPhases = (
				D284B0F71F79038B00D94AF3 /* Sources */,
				D284B0F81F79038B00D94AF3 /* Frameworks */,
				D284B0F91F79038B00D94AF3 /* Headers */,
				D284B0FA1F79038B00D94AF3 /* Resources */,
			);
			buildRules = (
			);
			dependencies = (
			);
			name = "DeepDiff-tvOS";
			productName = "DeepDiff-tvOS";
			productReference = D284B0FC1F79038B00D94AF3 /* DeepDiff_tvOS.framework */;
			productType = "com.apple.product-type.framework";
		};
		D284B1031F79038B00D94AF3 /* DeepDiff-tvOS-Tests */ = {
			isa = PBXNativeTarget;
			buildConfigurationList = D284B1101F79038B00D94AF3 /* Build configuration list for PBXNativeTarget "DeepDiff-tvOS-Tests" */;
			buildPhases = (
				D284B1001F79038B00D94AF3 /* Sources */,
				D284B1011F79038B00D94AF3 /* Frameworks */,
				D284B1021F79038B00D94AF3 /* Resources */,
			);
			buildRules = (
			);
			dependencies = (
				D284B1071F79038B00D94AF3 /* PBXTargetDependency */,
			);
			name = "DeepDiff-tvOS-Tests";
			productName = "DeepDiff-tvOSTests";
			productReference = D284B1041F79038B00D94AF3 /* DeepDiff-tvOS-Tests.xctest */;
			productType = "com.apple.product-type.bundle.unit-test";
		};
		D284B1171F79039F00D94AF3 /* DeepDiff-watchOS */ = {
			isa = PBXNativeTarget;
			buildConfigurationList = D284B11D1F79039F00D94AF3 /* Build configuration list for PBXNativeTarget "DeepDiff-watchOS" */;
			buildPhases = (
				D284B1131F79039F00D94AF3 /* Sources */,
				D284B1141F79039F00D94AF3 /* Frameworks */,
				D284B1151F79039F00D94AF3 /* Headers */,
				D284B1161F79039F00D94AF3 /* Resources */,
			);
			buildRules = (
			);
			dependencies = (
			);
			name = "DeepDiff-watchOS";
			productName = "DeepDiff-watchOS";
			productReference = D284B1181F79039F00D94AF3 /* DeepDiff_watchOS.framework */;
			productType = "com.apple.product-type.framework";
		};
		D5B2E89E1C3A780C00C0327D /* DeepDiff-iOS */ = {
			isa = PBXNativeTarget;
			buildConfigurationList = D5B2E8B31C3A780C00C0327D /* Build configuration list for PBXNativeTarget "DeepDiff-iOS" */;
			buildPhases = (
				D5B2E89A1C3A780C00C0327D /* Sources */,
				D5B2E89B1C3A780C00C0327D /* Frameworks */,
				D5B2E89C1C3A780C00C0327D /* Headers */,
				D5B2E89D1C3A780C00C0327D /* Resources */,
			);
			buildRules = (
			);
			dependencies = (
			);
			name = "DeepDiff-iOS";
			productName = DeepDiff;
			productReference = D5B2E89F1C3A780C00C0327D /* DeepDiff.framework */;
			productType = "com.apple.product-type.framework";
		};
		D5B2E8A81C3A780C00C0327D /* DeepDiff-iOS-Tests */ = {
			isa = PBXNativeTarget;
			buildConfigurationList = D5B2E8B61C3A780C00C0327D /* Build configuration list for PBXNativeTarget "DeepDiff-iOS-Tests" */;
			buildPhases = (
				D5B2E8A51C3A780C00C0327D /* Sources */,
				D5B2E8A61C3A780C00C0327D /* Frameworks */,
				D5B2E8A71C3A780C00C0327D /* Resources */,
			);
			buildRules = (
			);
			dependencies = (
				D5B2E8AC1C3A780C00C0327D /* PBXTargetDependency */,
			);
			name = "DeepDiff-iOS-Tests";
			productName = DeepDiffTests;
			productReference = D5B2E8A91C3A780C00C0327D /* DeepDiff-iOS-Tests.xctest */;
			productType = "com.apple.product-type.bundle.unit-test";
		};
		D5C6293F1C3A7FAA007F7B7C /* DeepDiff-macOS */ = {
			isa = PBXNativeTarget;
			buildConfigurationList = D5C629511C3A7FAA007F7B7C /* Build configuration list for PBXNativeTarget "DeepDiff-macOS" */;
			buildPhases = (
				D5C6293B1C3A7FAA007F7B7C /* Sources */,
				D5C6293C1C3A7FAA007F7B7C /* Frameworks */,
				D5C6293D1C3A7FAA007F7B7C /* Headers */,
				D5C6293E1C3A7FAA007F7B7C /* Resources */,
			);
			buildRules = (
			);
			dependencies = (
			);
			name = "DeepDiff-macOS";
			productName = "DeepDiff-Mac";
			productReference = D5C629401C3A7FAA007F7B7C /* DeepDiff.framework */;
			productType = "com.apple.product-type.framework";
		};
		D5C629481C3A7FAA007F7B7C /* DeepDiff-macOS-Tests */ = {
			isa = PBXNativeTarget;
			buildConfigurationList = D5C629541C3A7FAA007F7B7C /* Build configuration list for PBXNativeTarget "DeepDiff-macOS-Tests" */;
			buildPhases = (
				D5C629451C3A7FAA007F7B7C /* Sources */,
				D5C629461C3A7FAA007F7B7C /* Frameworks */,
				D5C629471C3A7FAA007F7B7C /* Resources */,
			);
			buildRules = (
			);
			dependencies = (
				D5C6294C1C3A7FAA007F7B7C /* PBXTargetDependency */,
			);
			name = "DeepDiff-macOS-Tests";
			productName = "DeepDiff-MacTests";
			productReference = D5C629491C3A7FAA007F7B7C /* DeepDiff-macOS-Tests.xctest */;
			productType = "com.apple.product-type.bundle.unit-test";
		};
/* End PBXNativeTarget section */

/* Begin PBXProject section */
		D5B2E8961C3A780C00C0327D /* Project object */ = {
			isa = PBXProject;
			attributes = {
				LastSwiftUpdateCheck = 0900;
				LastUpgradeCheck = 1250;
				ORGANIZATIONNAME = "Khoa Pham";
				TargetAttributes = {
					D284B0FB1F79038B00D94AF3 = {
						CreatedOnToolsVersion = 9.0;
						LastSwiftMigration = 0900;
						ProvisioningStyle = Automatic;
					};
					D284B1031F79038B00D94AF3 = {
						CreatedOnToolsVersion = 9.0;
						LastSwiftMigration = 0900;
						ProvisioningStyle = Automatic;
					};
					D284B1171F79039F00D94AF3 = {
						CreatedOnToolsVersion = 9.0;
						LastSwiftMigration = 0900;
						ProvisioningStyle = Automatic;
					};
					D5B2E89E1C3A780C00C0327D = {
						CreatedOnToolsVersion = 7.2;
						LastSwiftMigration = 1000;
					};
					D5B2E8A81C3A780C00C0327D = {
						CreatedOnToolsVersion = 7.2;
						LastSwiftMigration = 1000;
					};
					D5C6293F1C3A7FAA007F7B7C = {
						CreatedOnToolsVersion = 7.2;
					};
					D5C629481C3A7FAA007F7B7C = {
						CreatedOnToolsVersion = 7.2;
					};
				};
			};
			buildConfigurationList = D5B2E8991C3A780C00C0327D /* Build configuration list for PBXProject "DeepDiff" */;
			compatibilityVersion = "Xcode 3.2";
			developmentRegion = en;
			hasScannedForEncodings = 0;
			knownRegions = (
				en,
				Base,
			);
			mainGroup = D5B2E8951C3A780C00C0327D;
			productRefGroup = D5B2E8A01C3A780C00C0327D /* Products */;
			projectDirPath = "";
			projectRoot = "";
			targets = (
				D5B2E89E1C3A780C00C0327D /* DeepDiff-iOS */,
				D5B2E8A81C3A780C00C0327D /* DeepDiff-iOS-Tests */,
				D5C6293F1C3A7FAA007F7B7C /* DeepDiff-macOS */,
				D5C629481C3A7FAA007F7B7C /* DeepDiff-macOS-Tests */,
				D284B0FB1F79038B00D94AF3 /* DeepDiff-tvOS */,
				D284B1031F79038B00D94AF3 /* DeepDiff-tvOS-Tests */,
				D284B1171F79039F00D94AF3 /* DeepDiff-watchOS */,
			);
		};
/* End PBXProject section */

/* Begin PBXResourcesBuildPhase section */
		D284B0FA1F79038B00D94AF3 /* Resources */ = {
			isa = PBXResourcesBuildPhase;
			buildActionMask = 2147483647;
			files = (
			);
			runOnlyForDeploymentPostprocessing = 0;
		};
		D284B1021F79038B00D94AF3 /* Resources */ = {
			isa = PBXResourcesBuildPhase;
			buildActionMask = 2147483647;
			files = (
			);
			runOnlyForDeploymentPostprocessing = 0;
		};
		D284B1161F79039F00D94AF3 /* Resources */ = {
			isa = PBXResourcesBuildPhase;
			buildActionMask = 2147483647;
			files = (
				D284B1391F7906DB00D94AF3 /* Info-tvOS-Tests.plist in Resources */,
				D284B1381F7906DB00D94AF3 /* Info-iOS-Tests.plist in Resources */,
				D284B13B1F7906DB00D94AF3 /* Info-macOS-Tests.plist in Resources */,
			);
			runOnlyForDeploymentPostprocessing = 0;
		};
		D5B2E89D1C3A780C00C0327D /* Resources */ = {
			isa = PBXResourcesBuildPhase;
			buildActionMask = 2147483647;
			files = (
			);
			runOnlyForDeploymentPostprocessing = 0;
		};
		D5B2E8A71C3A780C00C0327D /* Resources */ = {
			isa = PBXResourcesBuildPhase;
			buildActionMask = 2147483647;
			files = (
			);
			runOnlyForDeploymentPostprocessing = 0;
		};
		D5C6293E1C3A7FAA007F7B7C /* Resources */ = {
			isa = PBXResourcesBuildPhase;
			buildActionMask = 2147483647;
			files = (
			);
			runOnlyForDeploymentPostprocessing = 0;
		};
		D5C629471C3A7FAA007F7B7C /* Resources */ = {
			isa = PBXResourcesBuildPhase;
			buildActionMask = 2147483647;
			files = (
			);
			runOnlyForDeploymentPostprocessing = 0;
		};
/* End PBXResourcesBuildPhase section */

/* Begin PBXSourcesBuildPhase section */
		D284B0F71F79038B00D94AF3 /* Sources */ = {
			isa = PBXSourcesBuildPhase;
			buildActionMask = 2147483647;
			files = (
				D239E4211FAE34740042E7BA /* IndexPathConverter.swift in Sources */,
				D2B3190A1FA8CD1400A0B637 /* Change.swift in Sources */,
				D21E6E321FFBC1EF0048AF75 /* Heckel.swift in Sources */,
				D279F2412220009C00E1C28E /* DiffAware.swift in Sources */,
				D2B319111FA8CD2200A0B637 /* UICollectionView+Extensions.swift in Sources */,
				D2A813691FAB731600A94BDE /* Array+Extensions.swift in Sources */,
				D2B319091FA8CD1400A0B637 /* MoveReducer.swift in Sources */,
				D2B319081FA8CD1400A0B637 /* DeepDiff.swift in Sources */,
				D21E6E2D1FFBC1E20048AF75 /* WagnerFischer.swift in Sources */,
				D2B318FE1FA8CD0F00A0B637 /* UITableView+Extensions.swift in Sources */,
			);
			runOnlyForDeploymentPostprocessing = 0;
		};
		D284B1001F79038B00D94AF3 /* Sources */ = {
			isa = PBXSourcesBuildPhase;
			buildActionMask = 2147483647;
			files = (
				D288B6441FA77CB100BBDC5F /* WagnerFischerTests.swift in Sources */,
				D29C69251FFCDBFA0028DE14 /* HeckelTests.swift in Sources */,
				D23849201FA86AFC00316A21 /* User.swift in Sources */,
				D23849241FA86DEF00316A21 /* PerformanceTests.swift in Sources */,
			);
			runOnlyForDeploymentPostprocessing = 0;
		};
		D284B1131F79039F00D94AF3 /* Sources */ = {
			isa = PBXSourcesBuildPhase;
			buildActionMask = 2147483647;
			files = (
				D2B3190C1FA8CD1400A0B637 /* DeepDiff.swift in Sources */,
				D2B3190E1FA8CD1400A0B637 /* Change.swift in Sources */,
				D2B3190D1FA8CD1400A0B637 /* MoveReducer.swift in Sources */,
				D279F2422220009C00E1C28E /* DiffAware.swift in Sources */,
				D21E6E2E1FFBC1E20048AF75 /* WagnerFischer.swift in Sources */,
				D2A8136A1FAB731600A94BDE /* Array+Extensions.swift in Sources */,
				D21E6E331FFBC1EF0048AF75 /* Heckel.swift in Sources */,
			);
			runOnlyForDeploymentPostprocessing = 0;
		};
		D5B2E89A1C3A780C00C0327D /* Sources */ = {
			isa = PBXSourcesBuildPhase;
			buildActionMask = 2147483647;
			files = (
				D239E4201FAE34740042E7BA /* IndexPathConverter.swift in Sources */,
				D2B319021FA8CD1300A0B637 /* Change.swift in Sources */,
				D21E6E301FFBC1EF0048AF75 /* Heckel.swift in Sources */,
				D279F23F2220009C00E1C28E /* DiffAware.swift in Sources */,
				D2B319101FA8CD2200A0B637 /* UICollectionView+Extensions.swift in Sources */,
				D2A813671FAB731600A94BDE /* Array+Extensions.swift in Sources */,
				D2B319011FA8CD1300A0B637 /* MoveReducer.swift in Sources */,
				D2B319001FA8CD1300A0B637 /* DeepDiff.swift in Sources */,
				D21E6E2B1FFBC1E20048AF75 /* WagnerFischer.swift in Sources */,
				D2B318FD1FA8CD0F00A0B637 /* UITableView+Extensions.swift in Sources */,
			);
			runOnlyForDeploymentPostprocessing = 0;
		};
		D5B2E8A51C3A780C00C0327D /* Sources */ = {
			isa = PBXSourcesBuildPhase;
			buildActionMask = 2147483647;
			files = (
				D288B6421FA77CB100BBDC5F /* WagnerFischerTests.swift in Sources */,
				D29C69231FFCDBFA0028DE14 /* HeckelTests.swift in Sources */,
				D238491E1FA86AFC00316A21 /* User.swift in Sources */,
				D23849221FA86DEF00316A21 /* PerformanceTests.swift in Sources */,
			);
			runOnlyForDeploymentPostprocessing = 0;
		};
		D5C6293B1C3A7FAA007F7B7C /* Sources */ = {
			isa = PBXSourcesBuildPhase;
			buildActionMask = 2147483647;
			files = (
				D2B319041FA8CD1300A0B637 /* DeepDiff.swift in Sources */,
				D2B319061FA8CD1300A0B637 /* Change.swift in Sources */,
				D2B319051FA8CD1300A0B637 /* MoveReducer.swift in Sources */,
				D279F2402220009C00E1C28E /* DiffAware.swift in Sources */,
				D21E6E2C1FFBC1E20048AF75 /* WagnerFischer.swift in Sources */,
				D2A813681FAB731600A94BDE /* Array+Extensions.swift in Sources */,
				D21E6E311FFBC1EF0048AF75 /* Heckel.swift in Sources */,
			);
			runOnlyForDeploymentPostprocessing = 0;
		};
		D5C629451C3A7FAA007F7B7C /* Sources */ = {
			isa = PBXSourcesBuildPhase;
			buildActionMask = 2147483647;
			files = (
				D288B6431FA77CB100BBDC5F /* WagnerFischerTests.swift in Sources */,
				D29C69241FFCDBFA0028DE14 /* HeckelTests.swift in Sources */,
				D238491F1FA86AFC00316A21 /* User.swift in Sources */,
				D23849231FA86DEF00316A21 /* PerformanceTests.swift in Sources */,
			);
			runOnlyForDeploymentPostprocessing = 0;
		};
/* End PBXSourcesBuildPhase section */

/* Begin PBXTargetDependency section */
		D284B1071F79038B00D94AF3 /* PBXTargetDependency */ = {
			isa = PBXTargetDependency;
			target = D284B0FB1F79038B00D94AF3 /* DeepDiff-tvOS */;
			targetProxy = D284B1061F79038B00D94AF3 /* PBXContainerItemProxy */;
		};
		D5B2E8AC1C3A780C00C0327D /* PBXTargetDependency */ = {
			isa = PBXTargetDependency;
			target = D5B2E89E1C3A780C00C0327D /* DeepDiff-iOS */;
			targetProxy = D5B2E8AB1C3A780C00C0327D /* PBXContainerItemProxy */;
		};
		D5C6294C1C3A7FAA007F7B7C /* PBXTargetDependency */ = {
			isa = PBXTargetDependency;
			target = D5C6293F1C3A7FAA007F7B7C /* DeepDiff-macOS */;
			targetProxy = D5C6294B1C3A7FAA007F7B7C /* PBXContainerItemProxy */;
		};
/* End PBXTargetDependency section */

/* Begin XCBuildConfiguration section */
		D284B10E1F79038B00D94AF3 /* Debug */ = {
			isa = XCBuildConfiguration;
			buildSettings = {
				CLANG_ANALYZER_NONNULL = YES;
				CLANG_ANALYZER_NUMBER_OBJECT_CONVERSION = YES_AGGRESSIVE;
				CLANG_CXX_LANGUAGE_STANDARD = "gnu++14";
				CLANG_ENABLE_MODULES = YES;
				CLANG_WARN_DOCUMENTATION_COMMENTS = YES;
				CLANG_WARN_UNGUARDED_AVAILABILITY = YES_AGGRESSIVE;
				CODE_SIGN_IDENTITY = "";
				CODE_SIGN_STYLE = Automatic;
				DEFINES_MODULE = YES;
				DYLIB_COMPATIBILITY_VERSION = 1;
				DYLIB_CURRENT_VERSION = 1;
				DYLIB_INSTALL_NAME_BASE = "@rpath";
				GCC_C_LANGUAGE_STANDARD = gnu11;
				INFOPLIST_FILE = "$(SRCROOT)/Info/Info-tvOS.plist";
				INSTALL_PATH = "$(LOCAL_LIBRARY_DIR)/Frameworks";
				LD_RUNPATH_SEARCH_PATHS = "$(inherited) @executable_path/Frameworks @loader_path/Frameworks";
				PRODUCT_BUNDLE_IDENTIFIER = "no.hyper.DeepDiff-tvOS";
				PRODUCT_NAME = "$(TARGET_NAME:c99extidentifier)";
				SDKROOT = appletvos;
				SKIP_INSTALL = YES;
				SWIFT_ACTIVE_COMPILATION_CONDITIONS = DEBUG;
				SWIFT_OPTIMIZATION_LEVEL = "-Onone";
				TARGETED_DEVICE_FAMILY = 3;
				TVOS_DEPLOYMENT_TARGET = 12.0;
			};
			name = Debug;
		};
		D284B10F1F79038B00D94AF3 /* Release */ = {
			isa = XCBuildConfiguration;
			buildSettings = {
				CLANG_ANALYZER_NONNULL = YES;
				CLANG_ANALYZER_NUMBER_OBJECT_CONVERSION = YES_AGGRESSIVE;
				CLANG_CXX_LANGUAGE_STANDARD = "gnu++14";
				CLANG_ENABLE_MODULES = YES;
				CLANG_WARN_DOCUMENTATION_COMMENTS = YES;
				CLANG_WARN_UNGUARDED_AVAILABILITY = YES_AGGRESSIVE;
				CODE_SIGN_IDENTITY = "";
				CODE_SIGN_STYLE = Automatic;
				DEFINES_MODULE = YES;
				DYLIB_COMPATIBILITY_VERSION = 1;
				DYLIB_CURRENT_VERSION = 1;
				DYLIB_INSTALL_NAME_BASE = "@rpath";
				GCC_C_LANGUAGE_STANDARD = gnu11;
				INFOPLIST_FILE = "$(SRCROOT)/Info/Info-tvOS.plist";
				INSTALL_PATH = "$(LOCAL_LIBRARY_DIR)/Frameworks";
				LD_RUNPATH_SEARCH_PATHS = "$(inherited) @executable_path/Frameworks @loader_path/Frameworks";
				PRODUCT_BUNDLE_IDENTIFIER = "no.hyper.DeepDiff-tvOS";
				PRODUCT_NAME = "$(TARGET_NAME:c99extidentifier)";
				SDKROOT = appletvos;
				SKIP_INSTALL = YES;
				TARGETED_DEVICE_FAMILY = 3;
				TVOS_DEPLOYMENT_TARGET = 12.0;
			};
			name = Release;
		};
		D284B1111F79038B00D94AF3 /* Debug */ = {
			isa = XCBuildConfiguration;
			buildSettings = {
				ALWAYS_EMBED_SWIFT_STANDARD_LIBRARIES = YES;
				CLANG_ANALYZER_NONNULL = YES;
				CLANG_ANALYZER_NUMBER_OBJECT_CONVERSION = YES_AGGRESSIVE;
				CLANG_CXX_LANGUAGE_STANDARD = "gnu++14";
				CLANG_ENABLE_MODULES = YES;
				CLANG_WARN_DOCUMENTATION_COMMENTS = YES;
				CLANG_WARN_UNGUARDED_AVAILABILITY = YES_AGGRESSIVE;
				CODE_SIGN_STYLE = Automatic;
				GCC_C_LANGUAGE_STANDARD = gnu11;
				INFOPLIST_FILE = "$(SRCROOT)/DeepDiffTests/Info-tvOS-Tests.plist";
				LD_RUNPATH_SEARCH_PATHS = "$(inherited) @executable_path/Frameworks @loader_path/Frameworks $(FRAMEWORK_SEARCH_PATHS)";
				PRODUCT_BUNDLE_IDENTIFIER = "no.hyper.DeepDiff-tvOSTests";
				PRODUCT_NAME = "$(TARGET_NAME)";
				SDKROOT = appletvos;
				SWIFT_ACTIVE_COMPILATION_CONDITIONS = DEBUG;
				SWIFT_OPTIMIZATION_LEVEL = "-Onone";
				TARGETED_DEVICE_FAMILY = 3;
				TVOS_DEPLOYMENT_TARGET = 12.0;
			};
			name = Debug;
		};
		D284B1121F79038B00D94AF3 /* Release */ = {
			isa = XCBuildConfiguration;
			buildSettings = {
				ALWAYS_EMBED_SWIFT_STANDARD_LIBRARIES = YES;
				CLANG_ANALYZER_NONNULL = YES;
				CLANG_ANALYZER_NUMBER_OBJECT_CONVERSION = YES_AGGRESSIVE;
				CLANG_CXX_LANGUAGE_STANDARD = "gnu++14";
				CLANG_ENABLE_MODULES = YES;
				CLANG_WARN_DOCUMENTATION_COMMENTS = YES;
				CLANG_WARN_UNGUARDED_AVAILABILITY = YES_AGGRESSIVE;
				CODE_SIGN_STYLE = Automatic;
				GCC_C_LANGUAGE_STANDARD = gnu11;
				INFOPLIST_FILE = "$(SRCROOT)/DeepDiffTests/Info-tvOS-Tests.plist";
				LD_RUNPATH_SEARCH_PATHS = "$(inherited) @executable_path/Frameworks @loader_path/Frameworks $(FRAMEWORK_SEARCH_PATHS)";
				PRODUCT_BUNDLE_IDENTIFIER = "no.hyper.DeepDiff-tvOSTests";
				PRODUCT_NAME = "$(TARGET_NAME)";
				SDKROOT = appletvos;
				TARGETED_DEVICE_FAMILY = 3;
				TVOS_DEPLOYMENT_TARGET = 12.0;
			};
			name = Release;
		};
		D284B11E1F79039F00D94AF3 /* Debug */ = {
			isa = XCBuildConfiguration;
			buildSettings = {
				APPLICATION_EXTENSION_API_ONLY = YES;
				CLANG_ANALYZER_NONNULL = YES;
				CLANG_ANALYZER_NUMBER_OBJECT_CONVERSION = YES_AGGRESSIVE;
				CLANG_CXX_LANGUAGE_STANDARD = "gnu++14";
				CLANG_ENABLE_MODULES = YES;
				CLANG_WARN_DOCUMENTATION_COMMENTS = YES;
				CLANG_WARN_UNGUARDED_AVAILABILITY = YES_AGGRESSIVE;
				CODE_SIGN_IDENTITY = "";
				CODE_SIGN_STYLE = Automatic;
				DEFINES_MODULE = YES;
				DYLIB_COMPATIBILITY_VERSION = 1;
				DYLIB_CURRENT_VERSION = 1;
				DYLIB_INSTALL_NAME_BASE = "@rpath";
				GCC_C_LANGUAGE_STANDARD = gnu11;
				INFOPLIST_FILE = "$(SRCROOT)/Info/Info-watchOS.plist";
				INSTALL_PATH = "$(LOCAL_LIBRARY_DIR)/Frameworks";
				LD_RUNPATH_SEARCH_PATHS = "$(inherited) @executable_path/Frameworks @loader_path/Frameworks";
				PRODUCT_BUNDLE_IDENTIFIER = "no.hyper.DeepDiff-watchOS";
				PRODUCT_NAME = "$(TARGET_NAME:c99extidentifier)";
				SDKROOT = watchos;
				SKIP_INSTALL = YES;
				SWIFT_ACTIVE_COMPILATION_CONDITIONS = DEBUG;
				SWIFT_OPTIMIZATION_LEVEL = "-Onone";
				TARGETED_DEVICE_FAMILY = 4;
				WATCHOS_DEPLOYMENT_TARGET = 3.0;
			};
			name = Debug;
		};
		D284B11F1F79039F00D94AF3 /* Release */ = {
			isa = XCBuildConfiguration;
			buildSettings = {
				APPLICATION_EXTENSION_API_ONLY = YES;
				CLANG_ANALYZER_NONNULL = YES;
				CLANG_ANALYZER_NUMBER_OBJECT_CONVERSION = YES_AGGRESSIVE;
				CLANG_CXX_LANGUAGE_STANDARD = "gnu++14";
				CLANG_ENABLE_MODULES = YES;
				CLANG_WARN_DOCUMENTATION_COMMENTS = YES;
				CLANG_WARN_UNGUARDED_AVAILABILITY = YES_AGGRESSIVE;
				CODE_SIGN_IDENTITY = "";
				CODE_SIGN_STYLE = Automatic;
				DEFINES_MODULE = YES;
				DYLIB_COMPATIBILITY_VERSION = 1;
				DYLIB_CURRENT_VERSION = 1;
				DYLIB_INSTALL_NAME_BASE = "@rpath";
				GCC_C_LANGUAGE_STANDARD = gnu11;
				INFOPLIST_FILE = "$(SRCROOT)/Info/Info-watchOS.plist";
				INSTALL_PATH = "$(LOCAL_LIBRARY_DIR)/Frameworks";
				LD_RUNPATH_SEARCH_PATHS = "$(inherited) @executable_path/Frameworks @loader_path/Frameworks";
				PRODUCT_BUNDLE_IDENTIFIER = "no.hyper.DeepDiff-watchOS";
				PRODUCT_NAME = "$(TARGET_NAME:c99extidentifier)";
				SDKROOT = watchos;
				SKIP_INSTALL = YES;
				TARGETED_DEVICE_FAMILY = 4;
				WATCHOS_DEPLOYMENT_TARGET = 3.0;
			};
			name = Release;
		};
		D5B2E8B11C3A780C00C0327D /* Debug */ = {
			isa = XCBuildConfiguration;
			buildSettings = {
				ALWAYS_SEARCH_USER_PATHS = NO;
				BUILD_LIBRARY_FOR_DISTRIBUTION = YES;
				CLANG_ANALYZER_LOCALIZABILITY_NONLOCALIZED = YES;
				CLANG_CXX_LANGUAGE_STANDARD = "gnu++0x";
				CLANG_CXX_LIBRARY = "libc++";
				CLANG_ENABLE_MODULES = YES;
				CLANG_ENABLE_OBJC_ARC = YES;
				CLANG_WARN_BLOCK_CAPTURE_AUTORELEASING = YES;
				CLANG_WARN_BOOL_CONVERSION = YES;
				CLANG_WARN_COMMA = YES;
				CLANG_WARN_CONSTANT_CONVERSION = YES;
				CLANG_WARN_DEPRECATED_OBJC_IMPLEMENTATIONS = YES;
				CLANG_WARN_DIRECT_OBJC_ISA_USAGE = YES_ERROR;
				CLANG_WARN_EMPTY_BODY = YES;
				CLANG_WARN_ENUM_CONVERSION = YES;
				CLANG_WARN_INFINITE_RECURSION = YES;
				CLANG_WARN_INT_CONVERSION = YES;
				CLANG_WARN_NON_LITERAL_NULL_CONVERSION = YES;
				CLANG_WARN_OBJC_IMPLICIT_RETAIN_SELF = YES;
				CLANG_WARN_OBJC_LITERAL_CONVERSION = YES;
				CLANG_WARN_OBJC_ROOT_CLASS = YES_ERROR;
				CLANG_WARN_QUOTED_INCLUDE_IN_FRAMEWORK_HEADER = YES;
				CLANG_WARN_RANGE_LOOP_ANALYSIS = YES;
				CLANG_WARN_STRICT_PROTOTYPES = YES;
				CLANG_WARN_SUSPICIOUS_MOVE = YES;
				CLANG_WARN_UNREACHABLE_CODE = YES;
				CLANG_WARN__DUPLICATE_METHOD_MATCH = YES;
				"CODE_SIGN_IDENTITY[sdk=iphoneos*]" = "iPhone Developer";
				COPY_PHASE_STRIP = NO;
				CURRENT_PROJECT_VERSION = 1;
				DEBUG_INFORMATION_FORMAT = dwarf;
				ENABLE_STRICT_OBJC_MSGSEND = YES;
				ENABLE_TESTABILITY = YES;
				GCC_C_LANGUAGE_STANDARD = gnu99;
				GCC_DYNAMIC_NO_PIC = NO;
				GCC_NO_COMMON_BLOCKS = YES;
				GCC_OPTIMIZATION_LEVEL = 0;
				GCC_PREPROCESSOR_DEFINITIONS = (
					"DEBUG=1",
					"$(inherited)",
				);
				GCC_WARN_64_TO_32_BIT_CONVERSION = YES;
				GCC_WARN_ABOUT_RETURN_TYPE = YES_ERROR;
				GCC_WARN_UNDECLARED_SELECTOR = YES;
				GCC_WARN_UNINITIALIZED_AUTOS = YES_AGGRESSIVE;
				GCC_WARN_UNUSED_FUNCTION = YES;
				GCC_WARN_UNUSED_VARIABLE = YES;
				IPHONEOS_DEPLOYMENT_TARGET = 9.0;
				MACOSX_DEPLOYMENT_TARGET = 10.10;
				MTL_ENABLE_DEBUG_INFO = YES;
				ONLY_ACTIVE_ARCH = YES;
				SDKROOT = iphoneos;
				SWIFT_OPTIMIZATION_LEVEL = "-Onone";
				SWIFT_VERSION = 5.0;
				TARGETED_DEVICE_FAMILY = "1,2";
				VERSIONING_SYSTEM = "apple-generic";
				VERSION_INFO_PREFIX = "";
			};
			name = Debug;
		};
		D5B2E8B21C3A780C00C0327D /* Release */ = {
			isa = XCBuildConfiguration;
			buildSettings = {
				ALWAYS_SEARCH_USER_PATHS = NO;
				BUILD_LIBRARY_FOR_DISTRIBUTION = YES;
				CLANG_ANALYZER_LOCALIZABILITY_NONLOCALIZED = YES;
				CLANG_CXX_LANGUAGE_STANDARD = "gnu++0x";
				CLANG_CXX_LIBRARY = "libc++";
				CLANG_ENABLE_MODULES = YES;
				CLANG_ENABLE_OBJC_ARC = YES;
				CLANG_WARN_BLOCK_CAPTURE_AUTORELEASING = YES;
				CLANG_WARN_BOOL_CONVERSION = YES;
				CLANG_WARN_COMMA = YES;
				CLANG_WARN_CONSTANT_CONVERSION = YES;
				CLANG_WARN_DEPRECATED_OBJC_IMPLEMENTATIONS = YES;
				CLANG_WARN_DIRECT_OBJC_ISA_USAGE = YES_ERROR;
				CLANG_WARN_EMPTY_BODY = YES;
				CLANG_WARN_ENUM_CONVERSION = YES;
				CLANG_WARN_INFINITE_RECURSION = YES;
				CLANG_WARN_INT_CONVERSION = YES;
				CLANG_WARN_NON_LITERAL_NULL_CONVERSION = YES;
				CLANG_WARN_OBJC_IMPLICIT_RETAIN_SELF = YES;
				CLANG_WARN_OBJC_LITERAL_CONVERSION = YES;
				CLANG_WARN_OBJC_ROOT_CLASS = YES_ERROR;
				CLANG_WARN_QUOTED_INCLUDE_IN_FRAMEWORK_HEADER = YES;
				CLANG_WARN_RANGE_LOOP_ANALYSIS = YES;
				CLANG_WARN_STRICT_PROTOTYPES = YES;
				CLANG_WARN_SUSPICIOUS_MOVE = YES;
				CLANG_WARN_UNREACHABLE_CODE = YES;
				CLANG_WARN__DUPLICATE_METHOD_MATCH = YES;
				"CODE_SIGN_IDENTITY[sdk=iphoneos*]" = "iPhone Developer";
				COPY_PHASE_STRIP = NO;
				CURRENT_PROJECT_VERSION = 1;
				DEBUG_INFORMATION_FORMAT = "dwarf-with-dsym";
				ENABLE_NS_ASSERTIONS = NO;
				ENABLE_STRICT_OBJC_MSGSEND = YES;
				GCC_C_LANGUAGE_STANDARD = gnu99;
				GCC_NO_COMMON_BLOCKS = YES;
				GCC_WARN_64_TO_32_BIT_CONVERSION = YES;
				GCC_WARN_ABOUT_RETURN_TYPE = YES_ERROR;
				GCC_WARN_UNDECLARED_SELECTOR = YES;
				GCC_WARN_UNINITIALIZED_AUTOS = YES_AGGRESSIVE;
				GCC_WARN_UNUSED_FUNCTION = YES;
				GCC_WARN_UNUSED_VARIABLE = YES;
				IPHONEOS_DEPLOYMENT_TARGET = 9.0;
				MACOSX_DEPLOYMENT_TARGET = 10.10;
				MTL_ENABLE_DEBUG_INFO = NO;
				SDKROOT = iphoneos;
				SWIFT_OPTIMIZATION_LEVEL = "-Owholemodule";
				SWIFT_VERSION = 5.0;
				TARGETED_DEVICE_FAMILY = "1,2";
				VALIDATE_PRODUCT = YES;
				VERSIONING_SYSTEM = "apple-generic";
				VERSION_INFO_PREFIX = "";
			};
			name = Release;
		};
		D5B2E8B41C3A780C00C0327D /* Debug */ = {
			isa = XCBuildConfiguration;
			buildSettings = {
				APPLICATION_EXTENSION_API_ONLY = YES;
				CLANG_ENABLE_MODULES = YES;
				"CODE_SIGN_IDENTITY[sdk=iphoneos*]" = "";
				DEFINES_MODULE = YES;
				DYLIB_COMPATIBILITY_VERSION = 1;
				DYLIB_CURRENT_VERSION = 1;
				DYLIB_INSTALL_NAME_BASE = "@rpath";
				INFOPLIST_FILE = "$(SRCROOT)/Info/Info-iOS.plist";
				INSTALL_PATH = "$(LOCAL_LIBRARY_DIR)/Frameworks";
				IPHONEOS_DEPLOYMENT_TARGET = 12.0;
				LD_RUNPATH_SEARCH_PATHS = "$(inherited) @executable_path/Frameworks @loader_path/Frameworks";
				PRODUCT_BUNDLE_IDENTIFIER = "com.fantageek.DeepDiff-iOS";
				PRODUCT_NAME = DeepDiff;
				SKIP_INSTALL = YES;
				SWIFT_OPTIMIZATION_LEVEL = "-Onone";
			};
			name = Debug;
		};
		D5B2E8B51C3A780C00C0327D /* Release */ = {
			isa = XCBuildConfiguration;
			buildSettings = {
				APPLICATION_EXTENSION_API_ONLY = YES;
				CLANG_ENABLE_MODULES = YES;
				"CODE_SIGN_IDENTITY[sdk=iphoneos*]" = "";
				DEFINES_MODULE = YES;
				DYLIB_COMPATIBILITY_VERSION = 1;
				DYLIB_CURRENT_VERSION = 1;
				DYLIB_INSTALL_NAME_BASE = "@rpath";
				INFOPLIST_FILE = "$(SRCROOT)/Info/Info-iOS.plist";
				INSTALL_PATH = "$(LOCAL_LIBRARY_DIR)/Frameworks";
				IPHONEOS_DEPLOYMENT_TARGET = 12.0;
				LD_RUNPATH_SEARCH_PATHS = "$(inherited) @executable_path/Frameworks @loader_path/Frameworks";
				PRODUCT_BUNDLE_IDENTIFIER = "com.fantageek.DeepDiff-iOS";
				PRODUCT_NAME = DeepDiff;
				SKIP_INSTALL = YES;
			};
			name = Release;
		};
		D5B2E8B71C3A780C00C0327D /* Debug */ = {
			isa = XCBuildConfiguration;
			buildSettings = {
				ALWAYS_EMBED_SWIFT_STANDARD_LIBRARIES = YES;
				CLANG_ENABLE_MODULES = YES;
				FRAMEWORK_SEARCH_PATHS = "$(inherited)";
				INFOPLIST_FILE = "$(SRCROOT)/DeepDiffTests/Info-iOS-Tests.plist";
				LD_RUNPATH_SEARCH_PATHS = "$(inherited) @executable_path/Frameworks @loader_path/Frameworks $(FRAMEWORK_SEARCH_PATHS)";
				PRODUCT_BUNDLE_IDENTIFIER = no.hyper.DeepDiffTests;
				PRODUCT_NAME = "$(TARGET_NAME)";
				SWIFT_OPTIMIZATION_LEVEL = "-Onone";
			};
			name = Debug;
		};
		D5B2E8B81C3A780C00C0327D /* Release */ = {
			isa = XCBuildConfiguration;
			buildSettings = {
				ALWAYS_EMBED_SWIFT_STANDARD_LIBRARIES = YES;
				CLANG_ENABLE_MODULES = YES;
				FRAMEWORK_SEARCH_PATHS = "$(inherited)";
				INFOPLIST_FILE = "$(SRCROOT)/DeepDiffTests/Info-iOS-Tests.plist";
				LD_RUNPATH_SEARCH_PATHS = "$(inherited) @executable_path/Frameworks @loader_path/Frameworks $(FRAMEWORK_SEARCH_PATHS)";
				PRODUCT_BUNDLE_IDENTIFIER = no.hyper.DeepDiffTests;
				PRODUCT_NAME = "$(TARGET_NAME)";
			};
			name = Release;
		};
		D5C629521C3A7FAA007F7B7C /* Debug */ = {
			isa = XCBuildConfiguration;
			buildSettings = {
				CLANG_ENABLE_MODULES = YES;
				CODE_SIGN_IDENTITY = "-";
				COMBINE_HIDPI_IMAGES = YES;
				DEFINES_MODULE = YES;
				DYLIB_COMPATIBILITY_VERSION = 1;
				DYLIB_CURRENT_VERSION = 1;
				DYLIB_INSTALL_NAME_BASE = "@rpath";
				FRAMEWORK_VERSION = A;
				INFOPLIST_FILE = "$(SRCROOT)/Info/Info-macOS.plist";
				INSTALL_PATH = "$(LOCAL_LIBRARY_DIR)/Frameworks";
				LD_RUNPATH_SEARCH_PATHS = "$(inherited) @executable_path/../Frameworks @loader_path/Frameworks";
				MACOSX_DEPLOYMENT_TARGET = 10.11;
				PRODUCT_BUNDLE_IDENTIFIER = "com.fantageek.DeepDiff-macOS";
				PRODUCT_NAME = DeepDiff;
				SDKROOT = macosx;
				SKIP_INSTALL = YES;
				SWIFT_OPTIMIZATION_LEVEL = "-Onone";
			};
			name = Debug;
		};
		D5C629531C3A7FAA007F7B7C /* Release */ = {
			isa = XCBuildConfiguration;
			buildSettings = {
				CLANG_ENABLE_MODULES = YES;
				CODE_SIGN_IDENTITY = "-";
				COMBINE_HIDPI_IMAGES = YES;
				DEFINES_MODULE = YES;
				DYLIB_COMPATIBILITY_VERSION = 1;
				DYLIB_CURRENT_VERSION = 1;
				DYLIB_INSTALL_NAME_BASE = "@rpath";
				FRAMEWORK_VERSION = A;
				INFOPLIST_FILE = "$(SRCROOT)/Info/Info-macOS.plist";
				INSTALL_PATH = "$(LOCAL_LIBRARY_DIR)/Frameworks";
				LD_RUNPATH_SEARCH_PATHS = "$(inherited) @executable_path/../Frameworks @loader_path/Frameworks";
				MACOSX_DEPLOYMENT_TARGET = 10.11;
				PRODUCT_BUNDLE_IDENTIFIER = "com.fantageek.DeepDiff-macOS";
				PRODUCT_NAME = DeepDiff;
				SDKROOT = macosx;
				SKIP_INSTALL = YES;
			};
			name = Release;
		};
		D5C629551C3A7FAA007F7B7C /* Debug */ = {
			isa = XCBuildConfiguration;
			buildSettings = {
				ALWAYS_EMBED_SWIFT_STANDARD_LIBRARIES = YES;
				CODE_SIGN_IDENTITY = "-";
				COMBINE_HIDPI_IMAGES = YES;
				FRAMEWORK_SEARCH_PATHS = "$(inherited)";
				INFOPLIST_FILE = "$(SRCROOT)/DeepDiffTests/Info-macOS-Tests.plist";
				LD_RUNPATH_SEARCH_PATHS = "$(inherited) @executable_path/../Frameworks @loader_path/../Frameworks $(FRAMEWORK_SEARCH_PATHS)";
				MACOSX_DEPLOYMENT_TARGET = 10.11;
				PRODUCT_BUNDLE_IDENTIFIER = "no.hyper.DeepDiff-MacTests";
				PRODUCT_NAME = "$(TARGET_NAME)";
				SDKROOT = macosx;
			};
			name = Debug;
		};
		D5C629561C3A7FAA007F7B7C /* Release */ = {
			isa = XCBuildConfiguration;
			buildSettings = {
				ALWAYS_EMBED_SWIFT_STANDARD_LIBRARIES = YES;
				CODE_SIGN_IDENTITY = "-";
				COMBINE_HIDPI_IMAGES = YES;
				FRAMEWORK_SEARCH_PATHS = "$(inherited)";
				INFOPLIST_FILE = "$(SRCROOT)/DeepDiffTests/Info-macOS-Tests.plist";
				LD_RUNPATH_SEARCH_PATHS = "$(inherited) @executable_path/../Frameworks @loader_path/../Frameworks $(FRAMEWORK_SEARCH_PATHS)";
				MACOSX_DEPLOYMENT_TARGET = 10.11;
				PRODUCT_BUNDLE_IDENTIFIER = "no.hyper.DeepDiff-MacTests";
				PRODUCT_NAME = "$(TARGET_NAME)";
				SDKROOT = macosx;
			};
			name = Release;
		};
/* End XCBuildConfiguration section */

/* Begin XCConfigurationList section */
		D284B10D1F79038B00D94AF3 /* Build configuration list for PBXNativeTarget "DeepDiff-tvOS" */ = {
			isa = XCConfigurationList;
			buildConfigurations = (
				D284B10E1F79038B00D94AF3 /* Debug */,
				D284B10F1F79038B00D94AF3 /* Release */,
			);
			defaultConfigurationIsVisible = 0;
			defaultConfigurationName = Release;
		};
		D284B1101F79038B00D94AF3 /* Build configuration list for PBXNativeTarget "DeepDiff-tvOS-Tests" */ = {
			isa = XCConfigurationList;
			buildConfigurations = (
				D284B1111F79038B00D94AF3 /* Debug */,
				D284B1121F79038B00D94AF3 /* Release */,
			);
			defaultConfigurationIsVisible = 0;
			defaultConfigurationName = Release;
		};
		D284B11D1F79039F00D94AF3 /* Build configuration list for PBXNativeTarget "DeepDiff-watchOS" */ = {
			isa = XCConfigurationList;
			buildConfigurations = (
				D284B11E1F79039F00D94AF3 /* Debug */,
				D284B11F1F79039F00D94AF3 /* Release */,
			);
			defaultConfigurationIsVisible = 0;
			defaultConfigurationName = Release;
		};
		D5B2E8991C3A780C00C0327D /* Build configuration list for PBXProject "DeepDiff" */ = {
			isa = XCConfigurationList;
			buildConfigurations = (
				D5B2E8B11C3A780C00C0327D /* Debug */,
				D5B2E8B21C3A780C00C0327D /* Release */,
			);
			defaultConfigurationIsVisible = 0;
			defaultConfigurationName = Release;
		};
		D5B2E8B31C3A780C00C0327D /* Build configuration list for PBXNativeTarget "DeepDiff-iOS" */ = {
			isa = XCConfigurationList;
			buildConfigurations = (
				D5B2E8B41C3A780C00C0327D /* Debug */,
				D5B2E8B51C3A780C00C0327D /* Release */,
			);
			defaultConfigurationIsVisible = 0;
			defaultConfigurationName = Release;
		};
		D5B2E8B61C3A780C00C0327D /* Build configuration list for PBXNativeTarget "DeepDiff-iOS-Tests" */ = {
			isa = XCConfigurationList;
			buildConfigurations = (
				D5B2E8B71C3A780C00C0327D /* Debug */,
				D5B2E8B81C3A780C00C0327D /* Release */,
			);
			defaultConfigurationIsVisible = 0;
			defaultConfigurationName = Release;
		};
		D5C629511C3A7FAA007F7B7C /* Build configuration list for PBXNativeTarget "DeepDiff-macOS" */ = {
			isa = XCConfigurationList;
			buildConfigurations = (
				D5C629521C3A7FAA007F7B7C /* Debug */,
				D5C629531C3A7FAA007F7B7C /* Release */,
			);
			defaultConfigurationIsVisible = 0;
			defaultConfigurationName = Release;
		};
		D5C629541C3A7FAA007F7B7C /* Build configuration list for PBXNativeTarget "DeepDiff-macOS-Tests" */ = {
			isa = XCConfigurationList;
			buildConfigurations = (
				D5C629551C3A7FAA007F7B7C /* Debug */,
				D5C629561C3A7FAA007F7B7C /* Release */,
			);
			defaultConfigurationIsVisible = 0;
			defaultConfigurationName = Release;
		};
/* End XCConfigurationList section */
	};
	rootObject = D5B2E8961C3A780C00C0327D /* Project object */;
}
