// !$*UTF8*$!
{
	archiveVersion = 1;
	classes = {
	};
	objectVersion = 48;
	objects = {

/* Begin PBXBuildFile section */
		AD52938D5D77D1530AF2B2E5 /* Pods_Benchmark.framework in Frameworks */ = {isa = PBXBuildFile; fileRef = F22F03CE6FDE502CC7191156 /* Pods_Benchmark.framework */; };
		D2FFBC191FFE2DDA0051D319 /* AppDelegate.swift in Sources */ = {isa = PBXBuildFile; fileRef = D2FFBC181FFE2DDA0051D319 /* AppDelegate.swift */; };
		D2FFBC1B1FFE2DDA0051D319 /* ViewController.swift in Sources */ = {isa = PBXBuildFile; fileRef = D2FFBC1A1FFE2DDA0051D319 /* ViewController.swift */; };
		D2FFBC1E1FFE2DDA0051D319 /* Main.storyboard in Resources */ = {isa = PBXBuildFile; fileRef = D2FFBC1C1FFE2DDA0051D319 /* Main.storyboard */; };
		D2FFBC201FFE2DDA0051D319 /* Assets.xcassets in Resources */ = {isa = PBXBuildFile; fileRef = D2FFBC1F1FFE2DDA0051D319 /* Assets.xcassets */; };
		D2FFBC231FFE2DDA0051D319 /* LaunchScreen.storyboard in Resources */ = {isa = PBXBuildFile; fileRef = D2FFBC211FFE2DDA0051D319 /* LaunchScreen.storyboard */; };
/* End PBXBuildFile section */

/* Begin PBXFileReference section */
		3B03C67F0552DE2FBBFD1D75 /* Pods-Benchmark.debug.xcconfig */ = {isa = PBXFileReference; includeInIndex = 1; lastKnownFileType = text.xcconfig; name = "Pods-Benchmark.debug.xcconfig"; path = "Pods/Target Support Files/Pods-Benchmark/Pods-Benchmark.debug.xcconfig"; sourceTree = "<group>"; };
		D2FFBC151FFE2DDA0051D319 /* Benchmark.app */ = {isa = PBXFileReference; explicitFileType = wrapper.application; includeInIndex = 0; path = Benchmark.app; sourceTree = BUILT_PRODUCTS_DIR; };
		D2FFBC181FFE2DDA0051D319 /* AppDelegate.swift */ = {isa = PBXFileReference; lastKnownFileType = sourcecode.swift; path = AppDelegate.swift; sourceTree = "<group>"; };
		D2FFBC1A1FFE2DDA0051D319 /* ViewController.swift */ = {isa = PBXFileReference; lastKnownFileType = sourcecode.swift; path = ViewController.swift; sourceTree = "<group>"; };
		D2FFBC1D1FFE2DDA0051D319 /* Base */ = {isa = PBXFileReference; lastKnownFileType = file.storyboard; name = Base; path = Base.lproj/Main.storyboard; sourceTree = "<group>"; };
		D2FFBC1F1FFE2DDA0051D319 /* Assets.xcassets */ = {isa = PBXFileReference; lastKnownFileType = folder.assetcatalog; path = Assets.xcassets; sourceTree = "<group>"; };
		D2FFBC221FFE2DDA0051D319 /* Base */ = {isa = PBXFileReference; lastKnownFileType = file.storyboard; name = Base; path = Base.lproj/LaunchScreen.storyboard; sourceTree = "<group>"; };
		D2FFBC241FFE2DDA0051D319 /* Info.plist */ = {isa = PBXFileReference; lastKnownFileType = text.plist.xml; path = Info.plist; sourceTree = "<group>"; };
		E523C4F612B9058A8672DFFD /* Pods-Benchmark.release.xcconfig */ = {isa = PBXFileReference; includeInIndex = 1; lastKnownFileType = text.xcconfig; name = "Pods-Benchmark.release.xcconfig"; path = "Pods/Target Support Files/Pods-Benchmark/Pods-Benchmark.release.xcconfig"; sourceTree = "<group>"; };
		F22F03CE6FDE502CC7191156 /* Pods_Benchmark.framework */ = {isa = PBXFileReference; explicitFileType = wrapper.framework; includeInIndex = 0; path = Pods_Benchmark.framework; sourceTree = BUILT_PRODUCTS_DIR; };
/* End PBXFileReference section */

/* Begin PBXFrameworksBuildPhase section */
		D2FFBC121FFE2DDA0051D319 /* Frameworks */ = {
			isa = PBXFrameworksBuildPhase;
			buildActionMask = 2147483647;
			files = (
				AD52938D5D77D1530AF2B2E5 /* Pods_Benchmark.framework in Frameworks */,
			);
			runOnlyForDeploymentPostprocessing = 0;
		};
/* End PBXFrameworksBuildPhase section */

/* Begin PBXGroup section */
		340DDC15F5832ABE9389387C /* Pods */ = {
			isa = PBXGroup;
			children = (
				3B03C67F0552DE2FBBFD1D75 /* Pods-Benchmark.debug.xcconfig */,
				E523C4F612B9058A8672DFFD /* Pods-Benchmark.release.xcconfig */,
			);
			name = Pods;
			sourceTree = "<group>";
		};
		38C4FDCAD1AC3914CCF0F9A5 /* Frameworks */ = {
			isa = PBXGroup;
			children = (
				F22F03CE6FDE502CC7191156 /* Pods_Benchmark.framework */,
			);
			name = Frameworks;
			sourceTree = "<group>";
		};
		D2FFBC0C1FFE2DDA0051D319 = {
			isa = PBXGroup;
			children = (
				D2FFBC171FFE2DDA0051D319 /* Benchmark */,
				D2FFBC161FFE2DDA0051D319 /* Products */,
				340DDC15F5832ABE9389387C /* Pods */,
				38C4FDCAD1AC3914CCF0F9A5 /* Frameworks */,
			);
			sourceTree = "<group>";
		};
		D2FFBC161FFE2DDA0051D319 /* Products */ = {
			isa = PBXGroup;
			children = (
				D2FFBC151FFE2DDA0051D319 /* Benchmark.app */,
			);
			name = Products;
			sourceTree = "<group>";
		};
		D2FFBC171FFE2DDA0051D319 /* Benchmark */ = {
			isa = PBXGroup;
			children = (
				D2FFBC181FFE2DDA0051D319 /* AppDelegate.swift */,
				D2FFBC1A1FFE2DDA0051D319 /* ViewController.swift */,
				D2FFBC1C1FFE2DDA0051D319 /* Main.storyboard */,
				D2FFBC1F1FFE2DDA0051D319 /* Assets.xcassets */,
				D2FFBC211FFE2DDA0051D319 /* LaunchScreen.storyboard */,
				D2FFBC241FFE2DDA0051D319 /* Info.plist */,
			);
			path = Benchmark;
			sourceTree = "<group>";
		};
/* End PBXGroup section */

/* Begin PBXNativeTarget section */
		D2FFBC141FFE2DDA0051D319 /* Benchmark */ = {
			isa = PBXNativeTarget;
			buildConfigurationList = D2FFBC271FFE2DDA0051D319 /* Build configuration list for PBXNativeTarget "Benchmark" */;
			buildPhases = (
				A8B48AD66A013BA7857FFFF5 /* [CP] Check Pods Manifest.lock */,
				D2FFBC111FFE2DDA0051D319 /* Sources */,
				D2FFBC121FFE2DDA0051D319 /* Frameworks */,
				D2FFBC131FFE2DDA0051D319 /* Resources */,
				9B79B5A32C81AC1515A0C513 /* [CP] Embed Pods Frameworks */,
			);
			buildRules = (
			);
			dependencies = (
			);
			name = Benchmark;
			productName = Benchmark;
			productReference = D2FFBC151FFE2DDA0051D319 /* Benchmark.app */;
			productType = "com.apple.product-type.application";
		};
/* End PBXNativeTarget section */

/* Begin PBXProject section */
		D2FFBC0D1FFE2DDA0051D319 /* Project object */ = {
			isa = PBXProject;
			attributes = {
				LastSwiftUpdateCheck = 0920;
				LastUpgradeCheck = 1000;
				ORGANIZATIONNAME = Fantageek;
				TargetAttributes = {
					D2FFBC141FFE2DDA0051D319 = {
						CreatedOnToolsVersion = 9.2;
						ProvisioningStyle = Automatic;
					};
				};
			};
			buildConfigurationList = D2FFBC101FFE2DDA0051D319 /* Build configuration list for PBXProject "Benchmark" */;
			compatibilityVersion = "Xcode 8.0";
			developmentRegion = en;
			hasScannedForEncodings = 0;
			knownRegions = (
				en,
				Base,
			);
			mainGroup = D2FFBC0C1FFE2DDA0051D319;
			productRefGroup = D2FFBC161FFE2DDA0051D319 /* Products */;
			projectDirPath = "";
			projectRoot = "";
			targets = (
				D2FFBC141FFE2DDA0051D319 /* Benchmark */,
			);
		};
/* End PBXProject section */

/* Begin PBXResourcesBuildPhase section */
		D2FFBC131FFE2DDA0051D319 /* Resources */ = {
			isa = PBXResourcesBuildPhase;
			buildActionMask = 2147483647;
			files = (
				D2FFBC231FFE2DDA0051D319 /* LaunchScreen.storyboard in Resources */,
				D2FFBC201FFE2DDA0051D319 /* Assets.xcassets in Resources */,
				D2FFBC1E1FFE2DDA0051D319 /* Main.storyboard in Resources */,
			);
			runOnlyForDeploymentPostprocessing = 0;
		};
/* End PBXResourcesBuildPhase section */

/* Begin PBXShellScriptBuildPhase section */
		9B79B5A32C81AC1515A0C513 /* [CP] Embed Pods Frameworks */ = {
			isa = PBXShellScriptBuildPhase;
			buildActionMask = 2147483647;
			files = (
			);
			inputPaths = (
				"${PODS_ROOT}/Target Support Files/Pods-Benchmark/Pods-Benchmark-frameworks.sh",
				"${BUILT_PRODUCTS_DIR}/Changeset/Changeset.framework",
				"${BUILT_PRODUCTS_DIR}/DeepDiff/DeepDiff.framework",
				"${BUILT_PRODUCTS_DIR}/Differ/Differ.framework",
				"${BUILT_PRODUCTS_DIR}/Dwifft/Dwifft.framework",
				"${BUILT_PRODUCTS_DIR}/ListDiff/ListDiff.framework",
			);
			name = "[CP] Embed Pods Frameworks";
			outputPaths = (
				"${TARGET_BUILD_DIR}/${FRAMEWORKS_FOLDER_PATH}/Changeset.framework",
				"${TARGET_BUILD_DIR}/${FRAMEWORKS_FOLDER_PATH}/DeepDiff.framework",
				"${TARGET_BUILD_DIR}/${FRAMEWORKS_FOLDER_PATH}/Differ.framework",
				"${TARGET_BUILD_DIR}/${FRAMEWORKS_FOLDER_PATH}/Dwifft.framework",
				"${TARGET_BUILD_DIR}/${FRAMEWORKS_FOLDER_PATH}/ListDiff.framework",
			);
			runOnlyForDeploymentPostprocessing = 0;
			shellPath = /bin/sh;
			shellScript = "\"${PODS_ROOT}/Target Support Files/Pods-Benchmark/Pods-Benchmark-frameworks.sh\"\n";
			showEnvVarsInLog = 0;
		};
		A8B48AD66A013BA7857FFFF5 /* [CP] Check Pods Manifest.lock */ = {
			isa = PBXShellScriptBuildPhase;
			buildActionMask = 2147483647;
			files = (
			);
			inputPaths = (
				"${PODS_PODFILE_DIR_PATH}/Podfile.lock",
				"${PODS_ROOT}/Manifest.lock",
			);
			name = "[CP] Check Pods Manifest.lock";
			outputPaths = (
				"$(DERIVED_FILE_DIR)/Pods-Benchmark-checkManifestLockResult.txt",
			);
			runOnlyForDeploymentPostprocessing = 0;
			shellPath = /bin/sh;
			shellScript = "diff \"${PODS_PODFILE_DIR_PATH}/Podfile.lock\" \"${PODS_ROOT}/Manifest.lock\" > /dev/null\nif [ $? != 0 ] ; then\n    # print error to STDERR\n    echo \"error: The sandbox is not in sync with the Podfile.lock. Run 'pod install' or update your CocoaPods installation.\" >&2\n    exit 1\nfi\n# This output is used by Xcode 'outputs' to avoid re-running this script phase.\necho \"SUCCESS\" > \"${SCRIPT_OUTPUT_FILE_0}\"\n";
			showEnvVarsInLog = 0;
		};
/* End PBXShellScriptBuildPhase section */

/* Begin PBXSourcesBuildPhase section */
		D2FFBC111FFE2DDA0051D319 /* Sources */ = {
			isa = PBXSourcesBuildPhase;
			buildActionMask = 2147483647;
			files = (
				D2FFBC1B1FFE2DDA0051D319 /* ViewController.swift in Sources */,
				D2FFBC191FFE2DDA0051D319 /* AppDelegate.swift in Sources */,
			);
			runOnlyForDeploymentPostprocessing = 0;
		};
/* End PBXSourcesBuildPhase section */

/* Begin PBXVariantGroup section */
		D2FFBC1C1FFE2DDA0051D319 /* Main.storyboard */ = {
			isa = PBXVariantGroup;
			children = (
				D2FFBC1D1FFE2DDA0051D319 /* Base */,
			);
			name = Main.storyboard;
			sourceTree = "<group>";
		};
		D2FFBC211FFE2DDA0051D319 /* LaunchScreen.storyboard */ = {
			isa = PBXVariantGroup;
			children = (
				D2FFBC221FFE2DDA0051D319 /* Base */,
			);
			name = LaunchScreen.storyboard;
			sourceTree = "<group>";
		};
/* End PBXVariantGroup section */

/* Begin XCBuildConfiguration section */
		D2FFBC251FFE2DDA0051D319 /* Debug */ = {
			isa = XCBuildConfiguration;
			buildSettings = {
				ALWAYS_SEARCH_USER_PATHS = NO;
				CLANG_ANALYZER_NONNULL = YES;
				CLANG_ANALYZER_NUMBER_OBJECT_CONVERSION = YES_AGGRESSIVE;
				CLANG_CXX_LANGUAGE_STANDARD = "gnu++14";
				CLANG_CXX_LIBRARY = "libc++";
				CLANG_ENABLE_MODULES = YES;
				CLANG_ENABLE_OBJC_ARC = YES;
				CLANG_WARN_BLOCK_CAPTURE_AUTORELEASING = YES;
				CLANG_WARN_BOOL_CONVERSION = YES;
				CLANG_WARN_COMMA = YES;
				CLANG_WARN_CONSTANT_CONVERSION = YES;
				CLANG_WARN_DEPRECATED_OBJC_IMPLEMENTATIONS = YES;
				CLANG_WARN_DIRECT_OBJC_ISA_USAGE = YES_ERROR;
				CLANG_WARN_DOCUMENTATION_COMMENTS = YES;
				CLANG_WARN_EMPTY_BODY = YES;
				CLANG_WARN_ENUM_CONVERSION = YES;
				CLANG_WARN_INFINITE_RECURSION = YES;
				CLANG_WARN_INT_CONVERSION = YES;
				CLANG_WARN_NON_LITERAL_NULL_CONVERSION = YES;
				CLANG_WARN_OBJC_IMPLICIT_RETAIN_SELF = YES;
				CLANG_WARN_OBJC_LITERAL_CONVERSION = YES;
				CLANG_WARN_OBJC_ROOT_CLASS = YES_ERROR;
				CLANG_WARN_RANGE_LOOP_ANALYSIS = YES;
				CLANG_WARN_STRICT_PROTOTYPES = YES;
				CLANG_WARN_SUSPICIOUS_MOVE = YES;
				CLANG_WARN_UNGUARDED_AVAILABILITY = YES_AGGRESSIVE;
				CLANG_WARN_UNREACHABLE_CODE = YES;
				CLANG_WARN__DUPLICATE_METHOD_MATCH = YES;
				CODE_SIGN_IDENTITY = "iPhone Developer";
				COPY_PHASE_STRIP = NO;
				DEBUG_INFORMATION_FORMAT = dwarf;
				ENABLE_STRICT_OBJC_MSGSEND = YES;
				ENABLE_TESTABILITY = YES;
				GCC_C_LANGUAGE_STANDARD = gnu11;
				GCC_DYNAMIC_NO_PIC = NO;
				GCC_NO_COMMON_BLOCKS = YES;
				GCC_OPTIMIZATION_LEVEL = 0;
				GCC_PREPROCESSOR_DEFINITIONS = (
					"DEBUG=1",
					"$(inherited)",
				);
				GCC_WARN_64_TO_32_BIT_CONVERSION = YES;
				GCC_WARN_ABOUT_RETURN_TYPE = YES_ERROR;
				GCC_WARN_UNDECLARED_SELECTOR = YES;
				GCC_WARN_UNINITIALIZED_AUTOS = YES_AGGRESSIVE;
				GCC_WARN_UNUSED_FUNCTION = YES;
				GCC_WARN_UNUSED_VARIABLE = YES;
				IPHONEOS_DEPLOYMENT_TARGET = 11.2;
				MTL_ENABLE_DEBUG_INFO = YES;
				ONLY_ACTIVE_ARCH = YES;
				SDKROOT = iphoneos;
				SWIFT_ACTIVE_COMPILATION_CONDITIONS = DEBUG;
				SWIFT_OPTIMIZATION_LEVEL = "-Onone";
				SWIFT_VERSION = 5.0;
			};
			name = Debug;
		};
		D2FFBC261FFE2DDA0051D319 /* Release */ = {
			isa = XCBuildConfiguration;
			buildSettings = {
				ALWAYS_SEARCH_USER_PATHS = NO;
				CLANG_ANALYZER_NONNULL = YES;
				CLANG_ANALYZER_NUMBER_OBJECT_CONVERSION = YES_AGGRESSIVE;
				CLANG_CXX_LANGUAGE_STANDARD = "gnu++14";
				CLANG_CXX_LIBRARY = "libc++";
				CLANG_ENABLE_MODULES = YES;
				CLANG_ENABLE_OBJC_ARC = YES;
				CLANG_WARN_BLOCK_CAPTURE_AUTORELEASING = YES;
				CLANG_WARN_BOOL_CONVERSION = YES;
				CLANG_WARN_COMMA = YES;
				CLANG_WARN_CONSTANT_CONVERSION = YES;
				CLANG_WARN_DEPRECATED_OBJC_IMPLEMENTATIONS = YES;
				CLANG_WARN_DIRECT_OBJC_ISA_USAGE = YES_ERROR;
				CLANG_WARN_DOCUMENTATION_COMMENTS = YES;
				CLANG_WARN_EMPTY_BODY = YES;
				CLANG_WARN_ENUM_CONVERSION = YES;
				CLANG_WARN_INFINITE_RECURSION = YES;
				CLANG_WARN_INT_CONVERSION = YES;
				CLANG_WARN_NON_LITERAL_NULL_CONVERSION = YES;
				CLANG_WARN_OBJC_IMPLICIT_RETAIN_SELF = YES;
				CLANG_WARN_OBJC_LITERAL_CONVERSION = YES;
				CLANG_WARN_OBJC_ROOT_CLASS = YES_ERROR;
				CLANG_WARN_RANGE_LOOP_ANALYSIS = YES;
				CLANG_WARN_STRICT_PROTOTYPES = YES;
				CLANG_WARN_SUSPICIOUS_MOVE = YES;
				CLANG_WARN_UNGUARDED_AVAILABILITY = YES_AGGRESSIVE;
				CLANG_WARN_UNREACHABLE_CODE = YES;
				CLANG_WARN__DUPLICATE_METHOD_MATCH = YES;
				CODE_SIGN_IDENTITY = "iPhone Developer";
				COPY_PHASE_STRIP = NO;
				DEBUG_INFORMATION_FORMAT = "dwarf-with-dsym";
				ENABLE_NS_ASSERTIONS = NO;
				ENABLE_STRICT_OBJC_MSGSEND = YES;
				GCC_C_LANGUAGE_STANDARD = gnu11;
				GCC_NO_COMMON_BLOCKS = YES;
				GCC_WARN_64_TO_32_BIT_CONVERSION = YES;
				GCC_WARN_ABOUT_RETURN_TYPE = YES_ERROR;
				GCC_WARN_UNDECLARED_SELECTOR = YES;
				GCC_WARN_UNINITIALIZED_AUTOS = YES_AGGRESSIVE;
				GCC_WARN_UNUSED_FUNCTION = YES;
				GCC_WARN_UNUSED_VARIABLE = YES;
				IPHONEOS_DEPLOYMENT_TARGET = 11.2;
				MTL_ENABLE_DEBUG_INFO = NO;
				SDKROOT = iphoneos;
				SWIFT_OPTIMIZATION_LEVEL = "-Owholemodule";
				SWIFT_VERSION = 5.0;
				VALIDATE_PRODUCT = YES;
			};
			name = Release;
		};
		D2FFBC281FFE2DDA0051D319 /* Debug */ = {
			isa = XCBuildConfiguration;
			baseConfigurationReference = 3B03C67F0552DE2FBBFD1D75 /* Pods-Benchmark.debug.xcconfig */;
			buildSettings = {
				ASSETCATALOG_COMPILER_APPICON_NAME = AppIcon;
				CODE_SIGN_STYLE = Automatic;
				DEVELOPMENT_TEAM = V43WB5JL68;
				INFOPLIST_FILE = Benchmark/Info.plist;
				IPHONEOS_DEPLOYMENT_TARGET = 9.0;
				LD_RUNPATH_SEARCH_PATHS = "$(inherited) @executable_path/Frameworks";
				PRODUCT_BUNDLE_IDENTIFIER = com.onmyway133.Benchmark;
				PRODUCT_NAME = "$(TARGET_NAME)";
				TARGETED_DEVICE_FAMILY = "1,2";
			};
			name = Debug;
		};
		D2FFBC291FFE2DDA0051D319 /* Release */ = {
			isa = XCBuildConfiguration;
			baseConfigurationReference = E523C4F612B9058A8672DFFD /* Pods-Benchmark.release.xcconfig */;
			buildSettings = {
				ASSETCATALOG_COMPILER_APPICON_NAME = AppIcon;
				CODE_SIGN_STYLE = Automatic;
				DEVELOPMENT_TEAM = V43WB5JL68;
				INFOPLIST_FILE = Benchmark/Info.plist;
				IPHONEOS_DEPLOYMENT_TARGET = 9.0;
				LD_RUNPATH_SEARCH_PATHS = "$(inherited) @executable_path/Frameworks";
				PRODUCT_BUNDLE_IDENTIFIER = com.onmyway133.Benchmark;
				PRODUCT_NAME = "$(TARGET_NAME)";
				TARGETED_DEVICE_FAMILY = "1,2";
			};
			name = Release;
		};
/* End XCBuildConfiguration section */

/* Begin XCConfigurationList section */
		D2FFBC101FFE2DDA0051D319 /* Build configuration list for PBXProject "Benchmark" */ = {
			isa = XCConfigurationList;
			buildConfigurations = (
				D2FFBC251FFE2DDA0051D319 /* Debug */,
				D2FFBC261FFE2DDA0051D319 /* Release */,
			);
			defaultConfigurationIsVisible = 0;
			defaultConfigurationName = Release;
		};
		D2FFBC271FFE2DDA0051D319 /* Build configuration list for PBXNativeTarget "Benchmark" */ = {
			isa = XCConfigurationList;
			buildConfigurations = (
				D2FFBC281FFE2DDA0051D319 /* Debug */,
				D2FFBC291FFE2DDA0051D319 /* Release */,
			);
			defaultConfigurationIsVisible = 0;
			defaultConfigurationName = Release;
		};
/* End XCConfigurationList section */
	};
	rootObject = D2FFBC0D1FFE2DDA0051D319 /* Project object */;
}
