PODS:
  - Anchors (2.5.0)
  - DeepDiff (2.2.0)
  - PINCache (3.0.1-beta.6):
    - PINCache/Arc-exception-safe (= 3.0.1-beta.6)
    - PINCache/Core (= 3.0.1-beta.6)
  - PINCache/Arc-exception-safe (3.0.1-beta.6):
    - PINCache/Core
  - PINCache/Core (3.0.1-beta.6):
    - PINOperation (~> 1.1.0)
  - PINOperation (1.1.1)
  - PINRemoteImage/Core (3.0.0-beta.13):
    - PINOperation
  - PINRemoteImage/iOS (3.0.0-beta.13):
    - PINRemoteImage/Core
  - PINRemoteImage/PINCache (3.0.0-beta.13):
    - PINCache (= 3.0.1-beta.6)
    - PINRemoteImage/Core
  - Texture (2.7):
    - Texture/PINRemoteImage (= 2.7)
  - Texture/Core (2.7)
  - Texture/PINRemoteImage (2.7):
    - PINRemoteImage/iOS (= 3.0.0-beta.13)
    - PINRemoteImage/PINCache
    - Texture/Core

DEPENDENCIES:
  - Anchors
  - DeepDiff (from `../../`)
  - Texture

SPEC REPOS:
  https://github.com/cocoapods/specs.git:
    - Anchors
    - PINCache
    - PINOperation
    - PINRemoteImage
    - Texture

EXTERNAL SOURCES:
  DeepDiff:
    :path: "../../"

SPEC CHECKSUMS:
  Anchors: c039992ebab2fa53deccac429031a46debfbdc5a
  DeepDiff: e329bc46dd14ca788d8ec08d34420799ba1d77f2
  PINCache: d195fdba255283f7e9900a55e3cced377f431f9b
  PINOperation: a6219e6fc9db9c269eb7a7b871ac193bcf400aac
  PINRemoteImage: d6d51c5d2adda55f1ce30c96e850b6c4ebd2856a
  Texture: 9d7e38965cf22ccd7cd9c249dd78b3f14e70ab6c

PODFILE CHECKSUM: 317e16bd2e833f10896dad1c9e447a82a97b0e37

COCOAPODS: 1.7.0.beta.3
