// !$*UTF8*$!
{
	archiveVersion = 1;
	classes = {
	};
	objectVersion = 50;
	objects = {

/* Begin PBXBuildFile section */
		672FD59DC910191741A0E920 /* Pods_DeepDiffTexture.framework in Frameworks */ = {isa = PBXBuildFile; fileRef = 2C701A5B7F5F39295393994B /* Pods_DeepDiffTexture.framework */; };
		D2A5121B222532B300474ABB /* AppDelegate.swift in Sources */ = {isa = PBXBuildFile; fileRef = D2A5121A222532B300474ABB /* AppDelegate.swift */; };
		D2A5121D222532B300474ABB /* ViewController.swift in Sources */ = {isa = PBXBuildFile; fileRef = D2A5121C222532B300474ABB /* ViewController.swift */; };
		D2A51222222532B400474ABB /* Assets.xcassets in Resources */ = {isa = PBXBuildFile; fileRef = D2A51221222532B400474ABB /* Assets.xcassets */; };
		D2A51225222532B400474ABB /* LaunchScreen.storyboard in Resources */ = {isa = PBXBuildFile; fileRef = D2A51223222532B400474ABB /* LaunchScreen.storyboard */; };
		D2A51230222533C100474ABB /* RootNode.swift in Sources */ = {isa = PBXBuildFile; fileRef = D2A5122C222533C000474ABB /* RootNode.swift */; };
		D2A51231222533C100474ABB /* TableCellNode.swift in Sources */ = {isa = PBXBuildFile; fileRef = D2A5122D222533C100474ABB /* TableCellNode.swift */; };
		D2A51232222533C100474ABB /* ASTableNodeExtension.swift in Sources */ = {isa = PBXBuildFile; fileRef = D2A5122E222533C100474ABB /* ASTableNodeExtension.swift */; };
		D2A51233222533C100474ABB /* TextureTableController.swift in Sources */ = {isa = PBXBuildFile; fileRef = D2A5122F222533C100474ABB /* TextureTableController.swift */; };
		D2A51235222533EE00474ABB /* DataSet.swift in Sources */ = {isa = PBXBuildFile; fileRef = D2A51234222533EE00474ABB /* DataSet.swift */; };
/* End PBXBuildFile section */

/* Begin PBXFileReference section */
		2C701A5B7F5F39295393994B /* Pods_DeepDiffTexture.framework */ = {isa = PBXFileReference; explicitFileType = wrapper.framework; includeInIndex = 0; path = Pods_DeepDiffTexture.framework; sourceTree = BUILT_PRODUCTS_DIR; };
		3288319DD0BF7993DFD540DD /* Pods-DeepDiffTexture.release.xcconfig */ = {isa = PBXFileReference; includeInIndex = 1; lastKnownFileType = text.xcconfig; name = "Pods-DeepDiffTexture.release.xcconfig"; path = "Target Support Files/Pods-DeepDiffTexture/Pods-DeepDiffTexture.release.xcconfig"; sourceTree = "<group>"; };
		6B9DA9EB85B15CF2F6ECA5D2 /* Pods-DeepDiffTexture.debug.xcconfig */ = {isa = PBXFileReference; includeInIndex = 1; lastKnownFileType = text.xcconfig; name = "Pods-DeepDiffTexture.debug.xcconfig"; path = "Target Support Files/Pods-DeepDiffTexture/Pods-DeepDiffTexture.debug.xcconfig"; sourceTree = "<group>"; };
		D2A51217222532B300474ABB /* DeepDiffTexture.app */ = {isa = PBXFileReference; explicitFileType = wrapper.application; includeInIndex = 0; path = DeepDiffTexture.app; sourceTree = BUILT_PRODUCTS_DIR; };
		D2A5121A222532B300474ABB /* AppDelegate.swift */ = {isa = PBXFileReference; lastKnownFileType = sourcecode.swift; path = AppDelegate.swift; sourceTree = "<group>"; };
		D2A5121C222532B300474ABB /* ViewController.swift */ = {isa = PBXFileReference; lastKnownFileType = sourcecode.swift; path = ViewController.swift; sourceTree = "<group>"; };
		D2A51221222532B400474ABB /* Assets.xcassets */ = {isa = PBXFileReference; lastKnownFileType = folder.assetcatalog; path = Assets.xcassets; sourceTree = "<group>"; };
		D2A51224222532B400474ABB /* Base */ = {isa = PBXFileReference; lastKnownFileType = file.storyboard; name = Base; path = Base.lproj/LaunchScreen.storyboard; sourceTree = "<group>"; };
		D2A51226222532B400474ABB /* Info.plist */ = {isa = PBXFileReference; lastKnownFileType = text.plist.xml; path = Info.plist; sourceTree = "<group>"; };
		D2A5122C222533C000474ABB /* RootNode.swift */ = {isa = PBXFileReference; fileEncoding = 4; lastKnownFileType = sourcecode.swift; path = RootNode.swift; sourceTree = "<group>"; };
		D2A5122D222533C100474ABB /* TableCellNode.swift */ = {isa = PBXFileReference; fileEncoding = 4; lastKnownFileType = sourcecode.swift; path = TableCellNode.swift; sourceTree = "<group>"; };
		D2A5122E222533C100474ABB /* ASTableNodeExtension.swift */ = {isa = PBXFileReference; fileEncoding = 4; lastKnownFileType = sourcecode.swift; path = ASTableNodeExtension.swift; sourceTree = "<group>"; };
		D2A5122F222533C100474ABB /* TextureTableController.swift */ = {isa = PBXFileReference; fileEncoding = 4; lastKnownFileType = sourcecode.swift; path = TextureTableController.swift; sourceTree = "<group>"; };
		D2A51234222533EE00474ABB /* DataSet.swift */ = {isa = PBXFileReference; lastKnownFileType = sourcecode.swift; path = DataSet.swift; sourceTree = "<group>"; };
/* End PBXFileReference section */

/* Begin PBXFrameworksBuildPhase section */
		D2A51214222532B300474ABB /* Frameworks */ = {
			isa = PBXFrameworksBuildPhase;
			buildActionMask = 2147483647;
			files = (
				672FD59DC910191741A0E920 /* Pods_DeepDiffTexture.framework in Frameworks */,
			);
			runOnlyForDeploymentPostprocessing = 0;
		};
/* End PBXFrameworksBuildPhase section */

/* Begin PBXGroup section */
		34F7BC903458E0C3F2B79748 /* Frameworks */ = {
			isa = PBXGroup;
			children = (
				2C701A5B7F5F39295393994B /* Pods_DeepDiffTexture.framework */,
			);
			name = Frameworks;
			sourceTree = "<group>";
		};
		7CEE2017C94121AA247996C3 /* Pods */ = {
			isa = PBXGroup;
			children = (
				6B9DA9EB85B15CF2F6ECA5D2 /* Pods-DeepDiffTexture.debug.xcconfig */,
				3288319DD0BF7993DFD540DD /* Pods-DeepDiffTexture.release.xcconfig */,
			);
			path = Pods;
			sourceTree = "<group>";
		};
		D2A5120E222532B300474ABB = {
			isa = PBXGroup;
			children = (
				D2A51219222532B300474ABB /* DeepDiffTexture */,
				D2A51218222532B300474ABB /* Products */,
				7CEE2017C94121AA247996C3 /* Pods */,
				34F7BC903458E0C3F2B79748 /* Frameworks */,
			);
			sourceTree = "<group>";
		};
		D2A51218222532B300474ABB /* Products */ = {
			isa = PBXGroup;
			children = (
				D2A51217222532B300474ABB /* DeepDiffTexture.app */,
			);
			name = Products;
			sourceTree = "<group>";
		};
		D2A51219222532B300474ABB /* DeepDiffTexture */ = {
			isa = PBXGroup;
			children = (
				D2A5122E222533C100474ABB /* ASTableNodeExtension.swift */,
				D2A5122C222533C000474ABB /* RootNode.swift */,
				D2A5122D222533C100474ABB /* TableCellNode.swift */,
				D2A5122F222533C100474ABB /* TextureTableController.swift */,
				D2A5121A222532B300474ABB /* AppDelegate.swift */,
				D2A5121C222532B300474ABB /* ViewController.swift */,
				D2A51221222532B400474ABB /* Assets.xcassets */,
				D2A51223222532B400474ABB /* LaunchScreen.storyboard */,
				D2A51226222532B400474ABB /* Info.plist */,
				D2A51234222533EE00474ABB /* DataSet.swift */,
			);
			path = DeepDiffTexture;
			sourceTree = "<group>";
		};
/* End PBXGroup section */

/* Begin PBXNativeTarget section */
		D2A51216222532B300474ABB /* DeepDiffTexture */ = {
			isa = PBXNativeTarget;
			buildConfigurationList = D2A51229222532B400474ABB /* Build configuration list for PBXNativeTarget "DeepDiffTexture" */;
			buildPhases = (
				662E697AACAED36B0689A090 /* [CP] Check Pods Manifest.lock */,
				D2A51213222532B300474ABB /* Sources */,
				D2A51214222532B300474ABB /* Frameworks */,
				D2A51215222532B300474ABB /* Resources */,
				5BF10955819EB6234D82F7D2 /* [CP] Embed Pods Frameworks */,
			);
			buildRules = (
			);
			dependencies = (
			);
			name = DeepDiffTexture;
			productName = DeepDiffTexture;
			productReference = D2A51217222532B300474ABB /* DeepDiffTexture.app */;
			productType = "com.apple.product-type.application";
		};
/* End PBXNativeTarget section */

/* Begin PBXProject section */
		D2A5120F222532B300474ABB /* Project object */ = {
			isa = PBXProject;
			attributes = {
				LastSwiftUpdateCheck = 1010;
				LastUpgradeCheck = 1010;
				ORGANIZATIONNAME = "Khoa Pham";
				TargetAttributes = {
					D2A51216222532B300474ABB = {
						CreatedOnToolsVersion = 10.1;
					};
				};
			};
			buildConfigurationList = D2A51212222532B300474ABB /* Build configuration list for PBXProject "DeepDiffTexture" */;
			compatibilityVersion = "Xcode 9.3";
			developmentRegion = en;
			hasScannedForEncodings = 0;
			knownRegions = (
				en,
				Base,
			);
			mainGroup = D2A5120E222532B300474ABB;
			productRefGroup = D2A51218222532B300474ABB /* Products */;
			projectDirPath = "";
			projectRoot = "";
			targets = (
				D2A51216222532B300474ABB /* DeepDiffTexture */,
			);
		};
/* End PBXProject section */

/* Begin PBXResourcesBuildPhase section */
		D2A51215222532B300474ABB /* Resources */ = {
			isa = PBXResourcesBuildPhase;
			buildActionMask = 2147483647;
			files = (
				D2A51225222532B400474ABB /* LaunchScreen.storyboard in Resources */,
				D2A51222222532B400474ABB /* Assets.xcassets in Resources */,
			);
			runOnlyForDeploymentPostprocessing = 0;
		};
/* End PBXResourcesBuildPhase section */

/* Begin PBXShellScriptBuildPhase section */
		5BF10955819EB6234D82F7D2 /* [CP] Embed Pods Frameworks */ = {
			isa = PBXShellScriptBuildPhase;
			buildActionMask = 2147483647;
			files = (
			);
			inputFileListPaths = (
				"${PODS_ROOT}/Target Support Files/Pods-DeepDiffTexture/Pods-DeepDiffTexture-frameworks-${CONFIGURATION}-input-files.xcfilelist",
			);
			name = "[CP] Embed Pods Frameworks";
			outputFileListPaths = (
				"${PODS_ROOT}/Target Support Files/Pods-DeepDiffTexture/Pods-DeepDiffTexture-frameworks-${CONFIGURATION}-output-files.xcfilelist",
			);
			runOnlyForDeploymentPostprocessing = 0;
			shellPath = /bin/sh;
			shellScript = "\"${PODS_ROOT}/Target Support Files/Pods-DeepDiffTexture/Pods-DeepDiffTexture-frameworks.sh\"\n";
			showEnvVarsInLog = 0;
		};
		662E697AACAED36B0689A090 /* [CP] Check Pods Manifest.lock */ = {
			isa = PBXShellScriptBuildPhase;
			buildActionMask = 2147483647;
			files = (
			);
			inputFileListPaths = (
			);
			inputPaths = (
				"${PODS_PODFILE_DIR_PATH}/Podfile.lock",
				"${PODS_ROOT}/Manifest.lock",
			);
			name = "[CP] Check Pods Manifest.lock";
			outputFileListPaths = (
			);
			outputPaths = (
				"$(DERIVED_FILE_DIR)/Pods-DeepDiffTexture-checkManifestLockResult.txt",
			);
			runOnlyForDeploymentPostprocessing = 0;
			shellPath = /bin/sh;
			shellScript = "diff \"${PODS_PODFILE_DIR_PATH}/Podfile.lock\" \"${PODS_ROOT}/Manifest.lock\" > /dev/null\nif [ $? != 0 ] ; then\n    # print error to STDERR\n    echo \"error: The sandbox is not in sync with the Podfile.lock. Run 'pod install' or update your CocoaPods installation.\" >&2\n    exit 1\nfi\n# This output is used by Xcode 'outputs' to avoid re-running this script phase.\necho \"SUCCESS\" > \"${SCRIPT_OUTPUT_FILE_0}\"\n";
			showEnvVarsInLog = 0;
		};
/* End PBXShellScriptBuildPhase section */

/* Begin PBXSourcesBuildPhase section */
		D2A51213222532B300474ABB /* Sources */ = {
			isa = PBXSourcesBuildPhase;
			buildActionMask = 2147483647;
			files = (
				D2A51231222533C100474ABB /* TableCellNode.swift in Sources */,
				D2A5121D222532B300474ABB /* ViewController.swift in Sources */,
				D2A51233222533C100474ABB /* TextureTableController.swift in Sources */,
				D2A51232222533C100474ABB /* ASTableNodeExtension.swift in Sources */,
				D2A51230222533C100474ABB /* RootNode.swift in Sources */,
				D2A51235222533EE00474ABB /* DataSet.swift in Sources */,
				D2A5121B222532B300474ABB /* AppDelegate.swift in Sources */,
			);
			runOnlyForDeploymentPostprocessing = 0;
		};
/* End PBXSourcesBuildPhase section */

/* Begin PBXVariantGroup section */
		D2A51223222532B400474ABB /* LaunchScreen.storyboard */ = {
			isa = PBXVariantGroup;
			children = (
				D2A51224222532B400474ABB /* Base */,
			);
			name = LaunchScreen.storyboard;
			sourceTree = "<group>";
		};
/* End PBXVariantGroup section */

/* Begin XCBuildConfiguration section */
		D2A51227222532B400474ABB /* Debug */ = {
			isa = XCBuildConfiguration;
			buildSettings = {
				ALWAYS_SEARCH_USER_PATHS = NO;
				CLANG_ANALYZER_NONNULL = YES;
				CLANG_ANALYZER_NUMBER_OBJECT_CONVERSION = YES_AGGRESSIVE;
				CLANG_CXX_LANGUAGE_STANDARD = "gnu++14";
				CLANG_CXX_LIBRARY = "libc++";
				CLANG_ENABLE_MODULES = YES;
				CLANG_ENABLE_OBJC_ARC = YES;
				CLANG_ENABLE_OBJC_WEAK = YES;
				CLANG_WARN_BLOCK_CAPTURE_AUTORELEASING = YES;
				CLANG_WARN_BOOL_CONVERSION = YES;
				CLANG_WARN_COMMA = YES;
				CLANG_WARN_CONSTANT_CONVERSION = YES;
				CLANG_WARN_DEPRECATED_OBJC_IMPLEMENTATIONS = YES;
				CLANG_WARN_DIRECT_OBJC_ISA_USAGE = YES_ERROR;
				CLANG_WARN_DOCUMENTATION_COMMENTS = YES;
				CLANG_WARN_EMPTY_BODY = YES;
				CLANG_WARN_ENUM_CONVERSION = YES;
				CLANG_WARN_INFINITE_RECURSION = YES;
				CLANG_WARN_INT_CONVERSION = YES;
				CLANG_WARN_NON_LITERAL_NULL_CONVERSION = YES;
				CLANG_WARN_OBJC_IMPLICIT_RETAIN_SELF = YES;
				CLANG_WARN_OBJC_LITERAL_CONVERSION = YES;
				CLANG_WARN_OBJC_ROOT_CLASS = YES_ERROR;
				CLANG_WARN_RANGE_LOOP_ANALYSIS = YES;
				CLANG_WARN_STRICT_PROTOTYPES = YES;
				CLANG_WARN_SUSPICIOUS_MOVE = YES;
				CLANG_WARN_UNGUARDED_AVAILABILITY = YES_AGGRESSIVE;
				CLANG_WARN_UNREACHABLE_CODE = YES;
				CLANG_WARN__DUPLICATE_METHOD_MATCH = YES;
				CODE_SIGN_IDENTITY = "iPhone Developer";
				COPY_PHASE_STRIP = NO;
				DEBUG_INFORMATION_FORMAT = dwarf;
				ENABLE_STRICT_OBJC_MSGSEND = YES;
				ENABLE_TESTABILITY = YES;
				GCC_C_LANGUAGE_STANDARD = gnu11;
				GCC_DYNAMIC_NO_PIC = NO;
				GCC_NO_COMMON_BLOCKS = YES;
				GCC_OPTIMIZATION_LEVEL = 0;
				GCC_PREPROCESSOR_DEFINITIONS = (
					"DEBUG=1",
					"$(inherited)",
				);
				GCC_WARN_64_TO_32_BIT_CONVERSION = YES;
				GCC_WARN_ABOUT_RETURN_TYPE = YES_ERROR;
				GCC_WARN_UNDECLARED_SELECTOR = YES;
				GCC_WARN_UNINITIALIZED_AUTOS = YES_AGGRESSIVE;
				GCC_WARN_UNUSED_FUNCTION = YES;
				GCC_WARN_UNUSED_VARIABLE = YES;
				IPHONEOS_DEPLOYMENT_TARGET = 11.0;
				MTL_ENABLE_DEBUG_INFO = INCLUDE_SOURCE;
				MTL_FAST_MATH = YES;
				ONLY_ACTIVE_ARCH = YES;
				SDKROOT = iphoneos;
				SWIFT_ACTIVE_COMPILATION_CONDITIONS = DEBUG;
				SWIFT_OPTIMIZATION_LEVEL = "-Onone";
			};
			name = Debug;
		};
		D2A51228222532B400474ABB /* Release */ = {
			isa = XCBuildConfiguration;
			buildSettings = {
				ALWAYS_SEARCH_USER_PATHS = NO;
				CLANG_ANALYZER_NONNULL = YES;
				CLANG_ANALYZER_NUMBER_OBJECT_CONVERSION = YES_AGGRESSIVE;
				CLANG_CXX_LANGUAGE_STANDARD = "gnu++14";
				CLANG_CXX_LIBRARY = "libc++";
				CLANG_ENABLE_MODULES = YES;
				CLANG_ENABLE_OBJC_ARC = YES;
				CLANG_ENABLE_OBJC_WEAK = YES;
				CLANG_WARN_BLOCK_CAPTURE_AUTORELEASING = YES;
				CLANG_WARN_BOOL_CONVERSION = YES;
				CLANG_WARN_COMMA = YES;
				CLANG_WARN_CONSTANT_CONVERSION = YES;
				CLANG_WARN_DEPRECATED_OBJC_IMPLEMENTATIONS = YES;
				CLANG_WARN_DIRECT_OBJC_ISA_USAGE = YES_ERROR;
				CLANG_WARN_DOCUMENTATION_COMMENTS = YES;
				CLANG_WARN_EMPTY_BODY = YES;
				CLANG_WARN_ENUM_CONVERSION = YES;
				CLANG_WARN_INFINITE_RECURSION = YES;
				CLANG_WARN_INT_CONVERSION = YES;
				CLANG_WARN_NON_LITERAL_NULL_CONVERSION = YES;
				CLANG_WARN_OBJC_IMPLICIT_RETAIN_SELF = YES;
				CLANG_WARN_OBJC_LITERAL_CONVERSION = YES;
				CLANG_WARN_OBJC_ROOT_CLASS = YES_ERROR;
				CLANG_WARN_RANGE_LOOP_ANALYSIS = YES;
				CLANG_WARN_STRICT_PROTOTYPES = YES;
				CLANG_WARN_SUSPICIOUS_MOVE = YES;
				CLANG_WARN_UNGUARDED_AVAILABILITY = YES_AGGRESSIVE;
				CLANG_WARN_UNREACHABLE_CODE = YES;
				CLANG_WARN__DUPLICATE_METHOD_MATCH = YES;
				CODE_SIGN_IDENTITY = "iPhone Developer";
				COPY_PHASE_STRIP = NO;
				DEBUG_INFORMATION_FORMAT = "dwarf-with-dsym";
				ENABLE_NS_ASSERTIONS = NO;
				ENABLE_STRICT_OBJC_MSGSEND = YES;
				GCC_C_LANGUAGE_STANDARD = gnu11;
				GCC_NO_COMMON_BLOCKS = YES;
				GCC_WARN_64_TO_32_BIT_CONVERSION = YES;
				GCC_WARN_ABOUT_RETURN_TYPE = YES_ERROR;
				GCC_WARN_UNDECLARED_SELECTOR = YES;
				GCC_WARN_UNINITIALIZED_AUTOS = YES_AGGRESSIVE;
				GCC_WARN_UNUSED_FUNCTION = YES;
				GCC_WARN_UNUSED_VARIABLE = YES;
				IPHONEOS_DEPLOYMENT_TARGET = 11.0;
				MTL_ENABLE_DEBUG_INFO = NO;
				MTL_FAST_MATH = YES;
				SDKROOT = iphoneos;
				SWIFT_COMPILATION_MODE = wholemodule;
				SWIFT_OPTIMIZATION_LEVEL = "-O";
				VALIDATE_PRODUCT = YES;
			};
			name = Release;
		};
		D2A5122A222532B400474ABB /* Debug */ = {
			isa = XCBuildConfiguration;
			baseConfigurationReference = 6B9DA9EB85B15CF2F6ECA5D2 /* Pods-DeepDiffTexture.debug.xcconfig */;
			buildSettings = {
				ASSETCATALOG_COMPILER_APPICON_NAME = AppIcon;
				CODE_SIGN_STYLE = Automatic;
				DEVELOPMENT_TEAM = T78DK947F2;
				INFOPLIST_FILE = DeepDiffTexture/Info.plist;
				LD_RUNPATH_SEARCH_PATHS = (
					"$(inherited)",
					"@executable_path/Frameworks",
				);
				PRODUCT_BUNDLE_IDENTIFIER = com.onmyway133.DeepDiffTexture;
				PRODUCT_NAME = "$(TARGET_NAME)";
				SWIFT_VERSION = 4.2;
				TARGETED_DEVICE_FAMILY = "1,2";
			};
			name = Debug;
		};
		D2A5122B222532B400474ABB /* Release */ = {
			isa = XCBuildConfiguration;
			baseConfigurationReference = 3288319DD0BF7993DFD540DD /* Pods-DeepDiffTexture.release.xcconfig */;
			buildSettings = {
				ASSETCATALOG_COMPILER_APPICON_NAME = AppIcon;
				CODE_SIGN_STYLE = Automatic;
				DEVELOPMENT_TEAM = T78DK947F2;
				INFOPLIST_FILE = DeepDiffTexture/Info.plist;
				LD_RUNPATH_SEARCH_PATHS = (
					"$(inherited)",
					"@executable_path/Frameworks",
				);
				PRODUCT_BUNDLE_IDENTIFIER = com.onmyway133.DeepDiffTexture;
				PRODUCT_NAME = "$(TARGET_NAME)";
				SWIFT_VERSION = 4.2;
				TARGETED_DEVICE_FAMILY = "1,2";
			};
			name = Release;
		};
/* End XCBuildConfiguration section */

/* Begin XCConfigurationList section */
		D2A51212222532B300474ABB /* Build configuration list for PBXProject "DeepDiffTexture" */ = {
			isa = XCConfigurationList;
			buildConfigurations = (
				D2A51227222532B400474ABB /* Debug */,
				D2A51228222532B400474ABB /* Release */,
			);
			defaultConfigurationIsVisible = 0;
			defaultConfigurationName = Release;
		};
		D2A51229222532B400474ABB /* Build configuration list for PBXNativeTarget "DeepDiffTexture" */ = {
			isa = XCConfigurationList;
			buildConfigurations = (
				D2A5122A222532B400474ABB /* Debug */,
				D2A5122B222532B400474ABB /* Release */,
			);
			defaultConfigurationIsVisible = 0;
			defaultConfigurationName = Release;
		};
/* End XCConfigurationList section */
	};
	rootObject = D2A5120F222532B300474ABB /* Project object */;
}
