// !$*UTF8*$!
{
	archiveVersion = 1;
	classes = {
	};
	objectVersion = 46;
	objects = {

/* Begin PBXBuildFile section */
		D23B9F441FA92867008363A1 /* CollectionViewCell.swift in Sources */ = {isa = PBXBuildFile; fileRef = D23B9F431FA92867008363A1 /* CollectionViewCell.swift */; };
		D23B9F461FA92ACB008363A1 /* Collection+Extensions.swift in Sources */ = {isa = PBXBuildFile; fileRef = D23B9F451FA92ACB008363A1 /* Collection+Extensions.swift */; };
		D23B9F481FA9315F008363A1 /* TableViewController.swift in Sources */ = {isa = PBXBuildFile; fileRef = D23B9F471FA9315F008363A1 /* TableViewController.swift */; };
		D23B9F4A1FA93199008363A1 /* TableViewCell.swift in Sources */ = {isa = PBXBuildFile; fileRef = D23B9F491FA93199008363A1 /* TableViewCell.swift */; };
		D26B2DF121DF8917000628A0 /* Color+Extensions.swift in Sources */ = {isa = PBXBuildFile; fileRef = D26B2DF021DF8917000628A0 /* Color+Extensions.swift */; };
		D2E33C861FAB4DC000BCE1E2 /* DataSet.swift in Sources */ = {isa = PBXBuildFile; fileRef = D2E33C851FAB4DC000BCE1E2 /* DataSet.swift */; };
		D5C7F74E1C3BC9CE008CDDBA /* LaunchScreen.storyboard in Resources */ = {isa = PBXBuildFile; fileRef = D5C7F74C1C3BC9CE008CDDBA /* LaunchScreen.storyboard */; };
		D5C7F75B1C3BCA1E008CDDBA /* Assets.xcassets in Resources */ = {isa = PBXBuildFile; fileRef = D5C7F7571C3BCA1E008CDDBA /* Assets.xcassets */; };
		D5C7F75C1C3BCA1E008CDDBA /* AppDelegate.swift in Sources */ = {isa = PBXBuildFile; fileRef = D5C7F7591C3BCA1E008CDDBA /* AppDelegate.swift */; };
		D5C7F75D1C3BCA1E008CDDBA /* CollectionViewController.swift in Sources */ = {isa = PBXBuildFile; fileRef = D5C7F75A1C3BCA1E008CDDBA /* CollectionViewController.swift */; };
		E6843D82FA3B5B3C9561C7A7 /* Pods_DeepDiffDemo.framework in Frameworks */ = {isa = PBXBuildFile; fileRef = 5545A1921B324B7D402E3AB6 /* Pods_DeepDiffDemo.framework */; };
/* End PBXBuildFile section */

/* Begin PBXFileReference section */
		312A6379467401DAF6A566F0 /* Pods-DeepDiffDemo.debug.xcconfig */ = {isa = PBXFileReference; includeInIndex = 1; lastKnownFileType = text.xcconfig; name = "Pods-DeepDiffDemo.debug.xcconfig"; path = "Target Support Files/Pods-DeepDiffDemo/Pods-DeepDiffDemo.debug.xcconfig"; sourceTree = "<group>"; };
		5545A1921B324B7D402E3AB6 /* Pods_DeepDiffDemo.framework */ = {isa = PBXFileReference; explicitFileType = wrapper.framework; includeInIndex = 0; path = Pods_DeepDiffDemo.framework; sourceTree = BUILT_PRODUCTS_DIR; };
		9381C3F3F924D4469B231A2E /* Pods-DeepDiffDemo.release.xcconfig */ = {isa = PBXFileReference; includeInIndex = 1; lastKnownFileType = text.xcconfig; name = "Pods-DeepDiffDemo.release.xcconfig"; path = "Target Support Files/Pods-DeepDiffDemo/Pods-DeepDiffDemo.release.xcconfig"; sourceTree = "<group>"; };
		D23B9F431FA92867008363A1 /* CollectionViewCell.swift */ = {isa = PBXFileReference; lastKnownFileType = sourcecode.swift; path = CollectionViewCell.swift; sourceTree = "<group>"; };
		D23B9F451FA92ACB008363A1 /* Collection+Extensions.swift */ = {isa = PBXFileReference; lastKnownFileType = sourcecode.swift; path = "Collection+Extensions.swift"; sourceTree = "<group>"; };
		D23B9F471FA9315F008363A1 /* TableViewController.swift */ = {isa = PBXFileReference; lastKnownFileType = sourcecode.swift; path = TableViewController.swift; sourceTree = "<group>"; };
		D23B9F491FA93199008363A1 /* TableViewCell.swift */ = {isa = PBXFileReference; lastKnownFileType = sourcecode.swift; path = TableViewCell.swift; sourceTree = "<group>"; };
		D26B2DF021DF8917000628A0 /* Color+Extensions.swift */ = {isa = PBXFileReference; lastKnownFileType = sourcecode.swift; path = "Color+Extensions.swift"; sourceTree = "<group>"; };
		D2A8136D1FABA4D000A94BDE /* ExceptionCatcher.h */ = {isa = PBXFileReference; lastKnownFileType = sourcecode.c.h; path = ExceptionCatcher.h; sourceTree = "<group>"; };
		D2A8136E1FABA51100A94BDE /* DeepDiffDemo-Bridging-Header.h */ = {isa = PBXFileReference; lastKnownFileType = sourcecode.c.h; path = "DeepDiffDemo-Bridging-Header.h"; sourceTree = "<group>"; };
		D2E33C851FAB4DC000BCE1E2 /* DataSet.swift */ = {isa = PBXFileReference; lastKnownFileType = sourcecode.swift; path = DataSet.swift; sourceTree = "<group>"; };
		D5C7F7401C3BC9CE008CDDBA /* DeepDiffDemo.app */ = {isa = PBXFileReference; explicitFileType = wrapper.application; includeInIndex = 0; path = DeepDiffDemo.app; sourceTree = BUILT_PRODUCTS_DIR; };
		D5C7F74D1C3BC9CE008CDDBA /* Base */ = {isa = PBXFileReference; lastKnownFileType = file.storyboard; name = Base; path = Base.lproj/LaunchScreen.storyboard; sourceTree = "<group>"; };
		D5C7F74F1C3BC9CE008CDDBA /* Info.plist */ = {isa = PBXFileReference; lastKnownFileType = text.plist.xml; path = Info.plist; sourceTree = "<group>"; };
		D5C7F7571C3BCA1E008CDDBA /* Assets.xcassets */ = {isa = PBXFileReference; lastKnownFileType = folder.assetcatalog; path = Assets.xcassets; sourceTree = "<group>"; };
		D5C7F7591C3BCA1E008CDDBA /* AppDelegate.swift */ = {isa = PBXFileReference; fileEncoding = 4; indentWidth = 2; lastKnownFileType = sourcecode.swift; path = AppDelegate.swift; sourceTree = "<group>"; tabWidth = 2; };
		D5C7F75A1C3BCA1E008CDDBA /* CollectionViewController.swift */ = {isa = PBXFileReference; fileEncoding = 4; lastKnownFileType = sourcecode.swift; path = CollectionViewController.swift; sourceTree = "<group>"; };
/* End PBXFileReference section */

/* Begin PBXFrameworksBuildPhase section */
		D5C7F73D1C3BC9CE008CDDBA /* Frameworks */ = {
			isa = PBXFrameworksBuildPhase;
			buildActionMask = 2147483647;
			files = (
				E6843D82FA3B5B3C9561C7A7 /* Pods_DeepDiffDemo.framework in Frameworks */,
			);
			runOnlyForDeploymentPostprocessing = 0;
		};
/* End PBXFrameworksBuildPhase section */

/* Begin PBXGroup section */
		7BCE04D5A9C7F9E9AFFB6967 /* Frameworks */ = {
			isa = PBXGroup;
			children = (
				5545A1921B324B7D402E3AB6 /* Pods_DeepDiffDemo.framework */,
			);
			name = Frameworks;
			sourceTree = "<group>";
		};
		A26320D0FD94FE94FDF8EA48 /* Pods */ = {
			isa = PBXGroup;
			children = (
				312A6379467401DAF6A566F0 /* Pods-DeepDiffDemo.debug.xcconfig */,
				9381C3F3F924D4469B231A2E /* Pods-DeepDiffDemo.release.xcconfig */,
			);
			path = Pods;
			sourceTree = "<group>";
		};
		D5C7F7371C3BC9CE008CDDBA = {
			isa = PBXGroup;
			children = (
				D5C7F7421C3BC9CE008CDDBA /* DeepDiffDemo */,
				D5C7F7411C3BC9CE008CDDBA /* Products */,
				A26320D0FD94FE94FDF8EA48 /* Pods */,
				7BCE04D5A9C7F9E9AFFB6967 /* Frameworks */,
			);
			sourceTree = "<group>";
		};
		D5C7F7411C3BC9CE008CDDBA /* Products */ = {
			isa = PBXGroup;
			children = (
				D5C7F7401C3BC9CE008CDDBA /* DeepDiffDemo.app */,
			);
			name = Products;
			sourceTree = "<group>";
		};
		D5C7F7421C3BC9CE008CDDBA /* DeepDiffDemo */ = {
			isa = PBXGroup;
			children = (
				D5C7F7561C3BCA1E008CDDBA /* Resources */,
				D5C7F7581C3BCA1E008CDDBA /* Sources */,
				D5C7F7551C3BC9EA008CDDBA /* Supporting Files */,
			);
			path = DeepDiffDemo;
			sourceTree = "<group>";
		};
		D5C7F7551C3BC9EA008CDDBA /* Supporting Files */ = {
			isa = PBXGroup;
			children = (
				D5C7F74C1C3BC9CE008CDDBA /* LaunchScreen.storyboard */,
				D5C7F74F1C3BC9CE008CDDBA /* Info.plist */,
			);
			name = "Supporting Files";
			sourceTree = "<group>";
		};
		D5C7F7561C3BCA1E008CDDBA /* Resources */ = {
			isa = PBXGroup;
			children = (
				D5C7F7571C3BCA1E008CDDBA /* Assets.xcassets */,
			);
			path = Resources;
			sourceTree = "<group>";
		};
		D5C7F7581C3BCA1E008CDDBA /* Sources */ = {
			isa = PBXGroup;
			children = (
				D5C7F7591C3BCA1E008CDDBA /* AppDelegate.swift */,
				D5C7F75A1C3BCA1E008CDDBA /* CollectionViewController.swift */,
				D23B9F431FA92867008363A1 /* CollectionViewCell.swift */,
				D23B9F451FA92ACB008363A1 /* Collection+Extensions.swift */,
				D23B9F471FA9315F008363A1 /* TableViewController.swift */,
				D23B9F491FA93199008363A1 /* TableViewCell.swift */,
				D2E33C851FAB4DC000BCE1E2 /* DataSet.swift */,
				D2A8136D1FABA4D000A94BDE /* ExceptionCatcher.h */,
				D2A8136E1FABA51100A94BDE /* DeepDiffDemo-Bridging-Header.h */,
				D26B2DF021DF8917000628A0 /* Color+Extensions.swift */,
			);
			path = Sources;
			sourceTree = "<group>";
		};
/* End PBXGroup section */

/* Begin PBXNativeTarget section */
		D5C7F73F1C3BC9CE008CDDBA /* DeepDiffDemo */ = {
			isa = PBXNativeTarget;
			buildConfigurationList = D5C7F7521C3BC9CE008CDDBA /* Build configuration list for PBXNativeTarget "DeepDiffDemo" */;
			buildPhases = (
				FF987F507328544E7F0C917E /* [CP] Check Pods Manifest.lock */,
				D5C7F73C1C3BC9CE008CDDBA /* Sources */,
				D5C7F73D1C3BC9CE008CDDBA /* Frameworks */,
				D5C7F73E1C3BC9CE008CDDBA /* Resources */,
				0F65FCA70DF2D90D4E9B8953 /* [CP] Embed Pods Frameworks */,
			);
			buildRules = (
			);
			dependencies = (
			);
			name = DeepDiffDemo;
			productName = DeepDiffDemo;
			productReference = D5C7F7401C3BC9CE008CDDBA /* DeepDiffDemo.app */;
			productType = "com.apple.product-type.application";
		};
/* End PBXNativeTarget section */

/* Begin PBXProject section */
		D5C7F7381C3BC9CE008CDDBA /* Project object */ = {
			isa = PBXProject;
			attributes = {
				LastSwiftUpdateCheck = 0720;
				LastUpgradeCheck = 1020;
				ORGANIZATIONNAME = "Hyper Interaktiv AS";
				TargetAttributes = {
					D5C7F73F1C3BC9CE008CDDBA = {
						CreatedOnToolsVersion = 7.2;
						DevelopmentTeam = T78DK947F2;
						LastSwiftMigration = 0800;
					};
				};
			};
			buildConfigurationList = D5C7F73B1C3BC9CE008CDDBA /* Build configuration list for PBXProject "DeepDiffDemo" */;
			compatibilityVersion = "Xcode 3.2";
			developmentRegion = en;
			hasScannedForEncodings = 0;
			knownRegions = (
				en,
				Base,
			);
			mainGroup = D5C7F7371C3BC9CE008CDDBA;
			productRefGroup = D5C7F7411C3BC9CE008CDDBA /* Products */;
			projectDirPath = "";
			projectRoot = "";
			targets = (
				D5C7F73F1C3BC9CE008CDDBA /* DeepDiffDemo */,
			);
		};
/* End PBXProject section */

/* Begin PBXResourcesBuildPhase section */
		D5C7F73E1C3BC9CE008CDDBA /* Resources */ = {
			isa = PBXResourcesBuildPhase;
			buildActionMask = 2147483647;
			files = (
				D5C7F75B1C3BCA1E008CDDBA /* Assets.xcassets in Resources */,
				D5C7F74E1C3BC9CE008CDDBA /* LaunchScreen.storyboard in Resources */,
			);
			runOnlyForDeploymentPostprocessing = 0;
		};
/* End PBXResourcesBuildPhase section */

/* Begin PBXShellScriptBuildPhase section */
		0F65FCA70DF2D90D4E9B8953 /* [CP] Embed Pods Frameworks */ = {
			isa = PBXShellScriptBuildPhase;
			buildActionMask = 2147483647;
			files = (
			);
			inputPaths = (
				"${PODS_ROOT}/Target Support Files/Pods-DeepDiffDemo/Pods-DeepDiffDemo-frameworks.sh",
				"${BUILT_PRODUCTS_DIR}/Anchors/Anchors.framework",
				"${BUILT_PRODUCTS_DIR}/DeepDiff/DeepDiff.framework",
			);
			name = "[CP] Embed Pods Frameworks";
			outputPaths = (
				"${TARGET_BUILD_DIR}/${FRAMEWORKS_FOLDER_PATH}/Anchors.framework",
				"${TARGET_BUILD_DIR}/${FRAMEWORKS_FOLDER_PATH}/DeepDiff.framework",
			);
			runOnlyForDeploymentPostprocessing = 0;
			shellPath = /bin/sh;
			shellScript = "\"${PODS_ROOT}/Target Support Files/Pods-DeepDiffDemo/Pods-DeepDiffDemo-frameworks.sh\"\n";
			showEnvVarsInLog = 0;
		};
		FF987F507328544E7F0C917E /* [CP] Check Pods Manifest.lock */ = {
			isa = PBXShellScriptBuildPhase;
			buildActionMask = 2147483647;
			files = (
			);
			inputFileListPaths = (
			);
			inputPaths = (
				"${PODS_PODFILE_DIR_PATH}/Podfile.lock",
				"${PODS_ROOT}/Manifest.lock",
			);
			name = "[CP] Check Pods Manifest.lock";
			outputFileListPaths = (
			);
			outputPaths = (
				"$(DERIVED_FILE_DIR)/Pods-DeepDiffDemo-checkManifestLockResult.txt",
			);
			runOnlyForDeploymentPostprocessing = 0;
			shellPath = /bin/sh;
			shellScript = "diff \"${PODS_PODFILE_DIR_PATH}/Podfile.lock\" \"${PODS_ROOT}/Manifest.lock\" > /dev/null\nif [ $? != 0 ] ; then\n    # print error to STDERR\n    echo \"error: The sandbox is not in sync with the Podfile.lock. Run 'pod install' or update your CocoaPods installation.\" >&2\n    exit 1\nfi\n# This output is used by Xcode 'outputs' to avoid re-running this script phase.\necho \"SUCCESS\" > \"${SCRIPT_OUTPUT_FILE_0}\"\n";
			showEnvVarsInLog = 0;
		};
/* End PBXShellScriptBuildPhase section */

/* Begin PBXSourcesBuildPhase section */
		D5C7F73C1C3BC9CE008CDDBA /* Sources */ = {
			isa = PBXSourcesBuildPhase;
			buildActionMask = 2147483647;
			files = (
				D5C7F75D1C3BCA1E008CDDBA /* CollectionViewController.swift in Sources */,
				D23B9F461FA92ACB008363A1 /* Collection+Extensions.swift in Sources */,
				D5C7F75C1C3BCA1E008CDDBA /* AppDelegate.swift in Sources */,
				D23B9F4A1FA93199008363A1 /* TableViewCell.swift in Sources */,
				D23B9F481FA9315F008363A1 /* TableViewController.swift in Sources */,
				D2E33C861FAB4DC000BCE1E2 /* DataSet.swift in Sources */,
				D23B9F441FA92867008363A1 /* CollectionViewCell.swift in Sources */,
				D26B2DF121DF8917000628A0 /* Color+Extensions.swift in Sources */,
			);
			runOnlyForDeploymentPostprocessing = 0;
		};
/* End PBXSourcesBuildPhase section */

/* Begin PBXVariantGroup section */
		D5C7F74C1C3BC9CE008CDDBA /* LaunchScreen.storyboard */ = {
			isa = PBXVariantGroup;
			children = (
				D5C7F74D1C3BC9CE008CDDBA /* Base */,
			);
			name = LaunchScreen.storyboard;
			sourceTree = "<group>";
		};
/* End PBXVariantGroup section */

/* Begin XCBuildConfiguration section */
		D5C7F7501C3BC9CE008CDDBA /* Debug */ = {
			isa = XCBuildConfiguration;
			buildSettings = {
				ALWAYS_SEARCH_USER_PATHS = NO;
				CLANG_ANALYZER_LOCALIZABILITY_NONLOCALIZED = YES;
				CLANG_CXX_LANGUAGE_STANDARD = "gnu++0x";
				CLANG_CXX_LIBRARY = "libc++";
				CLANG_ENABLE_MODULES = YES;
				CLANG_ENABLE_OBJC_ARC = YES;
				CLANG_WARN_BLOCK_CAPTURE_AUTORELEASING = YES;
				CLANG_WARN_BOOL_CONVERSION = YES;
				CLANG_WARN_COMMA = YES;
				CLANG_WARN_CONSTANT_CONVERSION = YES;
				CLANG_WARN_DEPRECATED_OBJC_IMPLEMENTATIONS = YES;
				CLANG_WARN_DIRECT_OBJC_ISA_USAGE = YES_ERROR;
				CLANG_WARN_EMPTY_BODY = YES;
				CLANG_WARN_ENUM_CONVERSION = YES;
				CLANG_WARN_INFINITE_RECURSION = YES;
				CLANG_WARN_INT_CONVERSION = YES;
				CLANG_WARN_NON_LITERAL_NULL_CONVERSION = YES;
				CLANG_WARN_OBJC_IMPLICIT_RETAIN_SELF = YES;
				CLANG_WARN_OBJC_LITERAL_CONVERSION = YES;
				CLANG_WARN_OBJC_ROOT_CLASS = YES_ERROR;
				CLANG_WARN_RANGE_LOOP_ANALYSIS = YES;
				CLANG_WARN_STRICT_PROTOTYPES = YES;
				CLANG_WARN_SUSPICIOUS_MOVE = YES;
				CLANG_WARN_UNREACHABLE_CODE = YES;
				CLANG_WARN__DUPLICATE_METHOD_MATCH = YES;
				"CODE_SIGN_IDENTITY[sdk=iphoneos*]" = "iPhone Developer";
				COPY_PHASE_STRIP = NO;
				DEBUG_INFORMATION_FORMAT = dwarf;
				ENABLE_STRICT_OBJC_MSGSEND = YES;
				ENABLE_TESTABILITY = YES;
				GCC_C_LANGUAGE_STANDARD = gnu99;
				GCC_DYNAMIC_NO_PIC = NO;
				GCC_NO_COMMON_BLOCKS = YES;
				GCC_OPTIMIZATION_LEVEL = 0;
				GCC_PREPROCESSOR_DEFINITIONS = (
					"DEBUG=1",
					"$(inherited)",
				);
				GCC_WARN_64_TO_32_BIT_CONVERSION = YES;
				GCC_WARN_ABOUT_RETURN_TYPE = YES_ERROR;
				GCC_WARN_UNDECLARED_SELECTOR = YES;
				GCC_WARN_UNINITIALIZED_AUTOS = YES_AGGRESSIVE;
				GCC_WARN_UNUSED_FUNCTION = YES;
				GCC_WARN_UNUSED_VARIABLE = YES;
				IPHONEOS_DEPLOYMENT_TARGET = 9.2;
				MTL_ENABLE_DEBUG_INFO = YES;
				ONLY_ACTIVE_ARCH = YES;
				SDKROOT = iphoneos;
				SWIFT_OPTIMIZATION_LEVEL = "-Onone";
				SWIFT_VERSION = 5.0;
			};
			name = Debug;
		};
		D5C7F7511C3BC9CE008CDDBA /* Release */ = {
			isa = XCBuildConfiguration;
			buildSettings = {
				ALWAYS_SEARCH_USER_PATHS = NO;
				CLANG_ANALYZER_LOCALIZABILITY_NONLOCALIZED = YES;
				CLANG_CXX_LANGUAGE_STANDARD = "gnu++0x";
				CLANG_CXX_LIBRARY = "libc++";
				CLANG_ENABLE_MODULES = YES;
				CLANG_ENABLE_OBJC_ARC = YES;
				CLANG_WARN_BLOCK_CAPTURE_AUTORELEASING = YES;
				CLANG_WARN_BOOL_CONVERSION = YES;
				CLANG_WARN_COMMA = YES;
				CLANG_WARN_CONSTANT_CONVERSION = YES;
				CLANG_WARN_DEPRECATED_OBJC_IMPLEMENTATIONS = YES;
				CLANG_WARN_DIRECT_OBJC_ISA_USAGE = YES_ERROR;
				CLANG_WARN_EMPTY_BODY = YES;
				CLANG_WARN_ENUM_CONVERSION = YES;
				CLANG_WARN_INFINITE_RECURSION = YES;
				CLANG_WARN_INT_CONVERSION = YES;
				CLANG_WARN_NON_LITERAL_NULL_CONVERSION = YES;
				CLANG_WARN_OBJC_IMPLICIT_RETAIN_SELF = YES;
				CLANG_WARN_OBJC_LITERAL_CONVERSION = YES;
				CLANG_WARN_OBJC_ROOT_CLASS = YES_ERROR;
				CLANG_WARN_RANGE_LOOP_ANALYSIS = YES;
				CLANG_WARN_STRICT_PROTOTYPES = YES;
				CLANG_WARN_SUSPICIOUS_MOVE = YES;
				CLANG_WARN_UNREACHABLE_CODE = YES;
				CLANG_WARN__DUPLICATE_METHOD_MATCH = YES;
				"CODE_SIGN_IDENTITY[sdk=iphoneos*]" = "iPhone Developer";
				COPY_PHASE_STRIP = NO;
				DEBUG_INFORMATION_FORMAT = "dwarf-with-dsym";
				ENABLE_NS_ASSERTIONS = NO;
				ENABLE_STRICT_OBJC_MSGSEND = YES;
				GCC_C_LANGUAGE_STANDARD = gnu99;
				GCC_NO_COMMON_BLOCKS = YES;
				GCC_WARN_64_TO_32_BIT_CONVERSION = YES;
				GCC_WARN_ABOUT_RETURN_TYPE = YES_ERROR;
				GCC_WARN_UNDECLARED_SELECTOR = YES;
				GCC_WARN_UNINITIALIZED_AUTOS = YES_AGGRESSIVE;
				GCC_WARN_UNUSED_FUNCTION = YES;
				GCC_WARN_UNUSED_VARIABLE = YES;
				IPHONEOS_DEPLOYMENT_TARGET = 9.2;
				MTL_ENABLE_DEBUG_INFO = NO;
				SDKROOT = iphoneos;
				SWIFT_OPTIMIZATION_LEVEL = "-Owholemodule";
				SWIFT_VERSION = 5.0;
				VALIDATE_PRODUCT = YES;
			};
			name = Release;
		};
		D5C7F7531C3BC9CE008CDDBA /* Debug */ = {
			isa = XCBuildConfiguration;
			baseConfigurationReference = 312A6379467401DAF6A566F0 /* Pods-DeepDiffDemo.debug.xcconfig */;
			buildSettings = {
				ASSETCATALOG_COMPILER_APPICON_NAME = AppIcon;
				DEVELOPMENT_TEAM = T78DK947F2;
				INFOPLIST_FILE = DeepDiffDemo/Info.plist;
				LD_RUNPATH_SEARCH_PATHS = "$(inherited) @executable_path/Frameworks";
				PRODUCT_BUNDLE_IDENTIFIER = com.fantageek.DeepDiffDemo;
				PRODUCT_NAME = "$(TARGET_NAME)";
				SWIFT_OBJC_BRIDGING_HEADER = "DeepDiffDemo/Sources/DeepDiffDemo-Bridging-Header.h";
			};
			name = Debug;
		};
		D5C7F7541C3BC9CE008CDDBA /* Release */ = {
			isa = XCBuildConfiguration;
			baseConfigurationReference = 9381C3F3F924D4469B231A2E /* Pods-DeepDiffDemo.release.xcconfig */;
			buildSettings = {
				ASSETCATALOG_COMPILER_APPICON_NAME = AppIcon;
				DEVELOPMENT_TEAM = T78DK947F2;
				INFOPLIST_FILE = DeepDiffDemo/Info.plist;
				LD_RUNPATH_SEARCH_PATHS = "$(inherited) @executable_path/Frameworks";
				PRODUCT_BUNDLE_IDENTIFIER = com.fantageek.DeepDiffDemo;
				PRODUCT_NAME = "$(TARGET_NAME)";
				SWIFT_OBJC_BRIDGING_HEADER = "DeepDiffDemo/Sources/DeepDiffDemo-Bridging-Header.h";
			};
			name = Release;
		};
/* End XCBuildConfiguration section */

/* Begin XCConfigurationList section */
		D5C7F73B1C3BC9CE008CDDBA /* Build configuration list for PBXProject "DeepDiffDemo" */ = {
			isa = XCConfigurationList;
			buildConfigurations = (
				D5C7F7501C3BC9CE008CDDBA /* Debug */,
				D5C7F7511C3BC9CE008CDDBA /* Release */,
			);
			defaultConfigurationIsVisible = 0;
			defaultConfigurationName = Release;
		};
		D5C7F7521C3BC9CE008CDDBA /* Build configuration list for PBXNativeTarget "DeepDiffDemo" */ = {
			isa = XCConfigurationList;
			buildConfigurations = (
				D5C7F7531C3BC9CE008CDDBA /* Debug */,
				D5C7F7541C3BC9CE008CDDBA /* Release */,
			);
			defaultConfigurationIsVisible = 0;
			defaultConfigurationName = Release;
		};
/* End XCConfigurationList section */
	};
	rootObject = D5C7F7381C3BC9CE008CDDBA /* Project object */;
}
