PODS:
  - Anchors (2.2.1)
  - DeepDiff (1.1.2)
  - Hue (3.0.1)
  - PINCache (3.0.1-beta.6):
    - PINCache/Arc-exception-safe (= 3.0.1-beta.6)
    - PINCache/Core (= 3.0.1-beta.6)
  - PINCache/Arc-exception-safe (3.0.1-beta.6):
    - PINCache/Core
  - PINCache/Core (3.0.1-beta.6):
    - PINOperation (~> 1.1.0)
  - PINOperation (1.1)
  - PINRemoteImage/Core (3.0.0-beta.13):
    - PINOperation
  - PINRemoteImage/iOS (3.0.0-beta.13):
    - PINRemoteImage/Core
  - PINRemoteImage/PINCache (3.0.0-beta.13):
    - PINCache (= 3.0.1-beta.6)
    - PINRemoteImage/Core
  - Texture (2.6):
    - Texture/PINRemoteImage (= 2.6)
  - Texture/Core (2.6)
  - Texture/PINRemoteImage (2.6):
    - PINRemoteImage/iOS (= 3.0.0-beta.13)
    - PINRemoteImage/PINCache
    - Texture/Core

DEPENDENCIES:
  - Anchors
  - DeepDiff (from `../../`)
  - Hue
  - Texture

EXTERNAL SOURCES:
  DeepDiff:
    :path: ../../

SPEC CHECKSUMS:
  Anchors: c1dd44c918ec9fb331e1f786546950e36a50a337
  DeepDiff: 35c661301baeb2db083ea1b9af183daab6af1c05
  Hue: 93e852fa6211ab35922ad8c293f51c43d6c79eb2
  PINCache: d195fdba255283f7e9900a55e3cced377f431f9b
  PINOperation: 7f042fa6df5b606deb4bd5997654cf7033d5be1d
  PINRemoteImage: d6d51c5d2adda55f1ce30c96e850b6c4ebd2856a
  Texture: 7249074582daf75e524e59df5428b66b8e8db0e4

PODFILE CHECKSUM: 5d15be81a5159ec07f66a2ca4a2ece5798312cc8

COCOAPODS: 1.3.1
