PODS:
  - Anchors (2.4.0)
  - DeepDiff (1.3.0)
  - PINCache (3.0.1-beta.6):
    - PINCache/Arc-exception-safe (= 3.0.1-beta.6)
    - PINCache/Core (= 3.0.1-beta.6)
  - PINCache/Arc-exception-safe (3.0.1-beta.6):
    - PINCache/Core
  - PINCache/Core (3.0.1-beta.6):
    - PINOperation (~> 1.1.0)
  - PINOperation (1.1.1)
  - PINRemoteImage/Core (3.0.0-beta.13):
    - PINOperation
  - PINRemoteImage/iOS (3.0.0-beta.13):
    - PINRemoteImage/Core
  - PINRemoteImage/PINCache (3.0.0-beta.13):
    - PINCache (= 3.0.1-beta.6)
    - PINRemoteImage/Core
  - Texture (2.7):
    - Texture/PINRemoteImage (= 2.7)
  - Texture/Core (2.7)
  - Texture/PINRemoteImage (2.7):
    - PINRemoteImage/iOS (= 3.0.0-beta.13)
    - PINRemoteImage/PINCache
    - Texture/Core

DEPENDENCIES:
  - Anchors
  - DeepDiff (from `../../`)
  - Texture

SPEC REPOS:
  https://github.com/cocoapods/specs.git:
    - Anchors
    - PINCache
    - PINOperation
    - PINRemoteImage
    - Texture

EXTERNAL SOURCES:
  DeepDiff:
    :path: "../../"

SPEC CHECKSUMS:
  Anchors: 75614cac462e063b395386e31eb593a856d831a8
  DeepDiff: 0d52be4ac0822b38f1ce1ad1514c841d7166a67b
  PINCache: d195fdba255283f7e9900a55e3cced377f431f9b
  PINOperation: a6219e6fc9db9c269eb7a7b871ac193bcf400aac
  PINRemoteImage: d6d51c5d2adda55f1ce30c96e850b6c4ebd2856a
  Texture: 9d7e38965cf22ccd7cd9c249dd78b3f14e70ab6c

PODFILE CHECKSUM: 551a7ffbc699c31e790e8573c6e13b0c4f28a66e

COCOAPODS: 1.6.0.beta.2
